version = 1
revision = 3
requires-python = "==3.11.*"

[[package]]
name = "absl-py"
version = "2.5.0"
source = { registry = "https://pypi.org/simple" }
sdist = { url = "https://files.pythonhosted.org/packages/d0/4f/d79676ab82f2e42fc3611618139f13a9c4c31d0cff4b486982047679a802/absl_py-2.5.0.tar.gz", hash = "sha256:0c996f25c0490700fadabe6351630f6111534fa0ae252cc6d2014ea3b141135f", size = 118119, upload-time = "2026-07-03T10:57:48.157Z" }
wheels = [
    { url = "https://files.pythonhosted.org/packages/58/0a/a10b45aab35b175aded078a462dc8d0c698f5b13946e7cb0869097b78bb6/absl_py-2.5.0-py3-none-any.whl", hash = "sha256:0f17b89f2a4eaaedc4f28c622998aa690564b3012a396a4ffad0821007fe03ba", size = 137410, upload-time = "2026-07-03T10:57:46.735Z" },
]

[[package]]
name = "colorama"
version = "0.4.6"
source = { registry = "https://pypi.org/simple" }
sdist = { url = "https://files.pythonhosted.org/packages/d8/53/6f443c9a4a8358a93a6792e2acffb9d9d5cb0a5cfd8802644b7b1c9a02e4/colorama-0.4.6.tar.gz", hash = "sha256:08695f5cb7ed6e0531a20572697297273c47b8cae5a63ffc6d6ed5c201be6e44", size = 27697, upload-time = "2022-10-25T02:36:22.414Z" }
wheels = [
    { url = "https://files.pythonhosted.org/packages/d1/d6/3965ed04c63042e047cb6a3e6ed1a63a35087b6a609aa3a15ed8ac56c221/colorama-0.4.6-py2.py3-none-any.whl", hash = "sha256:4f1d9991f5acc0ca119f9d443620b77f9d6b33703e51011c16baf57afb285fc6", size = 25335, upload-time = "2022-10-25T02:36:20.889Z" },
]

[[package]]
name = "etils"
version = "1.14.0"
source = { registry = "https://pypi.org/simple" }
sdist = { url = "https://files.pythonhosted.org/packages/26/ce/6e067242fde898841922ac6fc82b0bb2fe35c38e995880bdffdfbe30182a/etils-1.14.0.tar.gz", hash = "sha256:8136e7f4c4173cd0af0ca5481c4475152f0b8686192951eefa60ee8711e1ede4", size = 108127, upload-time = "2026-03-04T17:41:36.291Z" }
wheels = [
    { url = "https://files.pythonhosted.org/packages/5a/3d/589663aeeacd59bb2f3e8596bfd3e81cf0fb18d70bb433199041f469771b/etils-1.14.0-py3-none-any.whl", hash = "sha256:b5df7341f54dbe1405a4450b2741207b4a8c279780402b45f87202b94dfc52b4", size = 172934, upload-time = "2026-03-04T17:41:35.01Z" },
]

[package.optional-dependencies]
epath = [
    { name = "fsspec" },
    { name = "typing-extensions" },
    { name = "zipp" },
]

[[package]]
name = "fsspec"
version = "2026.9.0"
source = { registry = "https://pypi.org/simple" }
sdist = { url = "https://files.pythonhosted.org/packages/77/cd/9be253869fc42e764de7f3dedd6969af7d44ff9c3375214a3442a6f3fc08/fsspec-2026.9.0.tar.gz", hash = "sha256:0f08147951c8cb31d844c3547d631053b127863b60be04cf06e121333ee0e2fe", size = 333545, upload-time = "2026-09-18T17:50:42.825Z" }
wheels = [
    { url = "https://files.pythonhosted.org/packages/6c/c0/a98505f18594f1bce828bb159cec0fcf9860562f1a2c85913409fc8f3d9e/fsspec-2026.9.0-py3-none-any.whl", hash = "sha256:8dd6e646e99ea382bd85f97a45e6b526a442d79423a7dc673f1e2756d05fcb5f", size = 221738, upload-time = "2026-09-18T17:50:41.341Z" },
]

[[package]]
name = "glfw"
version = "2.10.2"
source = { registry = "https://pypi.org/simple" }
sdist = { url = "https://files.pythonhosted.org/packages/0f/62/096058bcb4b4fb28f7ecd28fb048f07969d90b243c417af5f6d09d45a0c2/glfw-2.10.2.tar.gz", hash = "sha256:5d2cf97c66bc42a6b583be0e307eae5a3945438322e2ed0c5e4f14dc251d693d", size = 36307, upload-time = "2026-07-21T14:42:36.732Z" }
wheels = [
    { url = "https://files.pythonhosted.org/packages/c4/80/5e575ec14f54dc0a644e7215985b9ee7c5044fcc3594d6b83dfdeb04ccd4/glfw-2.10.2-py2.py3-none-macosx_10_6_intel.whl", hash = "sha256:a04d25bb535a3a29e173ea1abd658e161681b5d3816e00bc51c122f74cd7fa3a", size = 110295, upload-time = "2026-07-21T14:42:25.625Z" },
    { url = "https://files.pythonhosted.org/packages/e5/2e/22216db429690aa51fa87d2e2b5e6b610c5a37b9df7768da2927f52f8704/glfw-2.10.2-py2.py3-none-macosx_11_0_arm64.whl", hash = "sha256:c000b8a5e5fb4374b2c18d12347255ccb92001b9bcf80ef74c56072acbb98fe3", size = 107146, upload-time = "2026-07-21T14:42:26.854Z" },
    { url = "https://files.pythonhosted.org/packages/75/a4/9ccee9d5c3b9c5d6bafce3e8d53ab8318eff30124e3c19b95580bebaa6d4/glfw-2.10.2-py2.py3-none-manylinux2014_aarch64.whl", hash = "sha256:0ffe2b48b51f37b05e8f027f57c0b8cd213affaf22fc83401bd9621692d4c6c8", size = 235005, upload-time = "2026-07-21T14:42:27.955Z" },
    { url = "https://files.pythonhosted.org/packages/77/44/37aeed50c581c76e1c5bb83b696a06f98f8ecc979ed8564dde3eef908e8b/glfw-2.10.2-py2.py3-none-manylinux2014_x86_64.whl", hash = "sha256:82daf1f87b2a48815637dc6f6720d4a55a57ba1d3683322dc20dc28065754f97", size = 246951, upload-time = "2026-07-21T14:42:29.107Z" },
    { url = "https://files.pythonhosted.org/packages/52/fc/29b4f1a8c8e33d8934781330a0845458b01da7f389d9fe6a3350e752b7f3/glfw-2.10.2-py2.py3-none-manylinux_2_28_aarch64.whl", hash = "sha256:7604425ec95665cc6a25c3ed7d07e9660d394a34472ceffaec0843c844e7b649", size = 236018, upload-time = "2026-07-21T14:42:30.623Z" },
    { url = "https://files.pythonhosted.org/packages/69/84/1b98671314ea5f40397586b6cd14db913de3196333be558fdc177e61708f/glfw-2.10.2-py2.py3-none-manylinux_2_28_x86_64.whl", hash = "sha256:b860de3ca0686182483f98f3ddd12e660acf25b3e0d521450ec9a3f999f72a65", size = 248490, upload-time = "2026-07-21T14:42:32.377Z" },
    { url = "https://files.pythonhosted.org/packages/12/d9/bd2e6c8dbadcf69fcd2289705e75881258b46221c196903a52e9f6e97322/glfw-2.10.2-py2.py3-none-win32.whl", hash = "sha256:a94aefe8c48886fd83cd6e11e936846166a4b5b94abf1f4bf599d984774b0b1b", size = 557654, upload-time = "2026-07-21T14:42:33.903Z" },
    { url = "https://files.pythonhosted.org/packages/e0/6c/4ca5f3ab85a8d7f612ce857208726e9b834e54e559751e3d4f98cc2f7509/glfw-2.10.2-py2.py3-none-win_amd64.whl", hash = "sha256:15fd0666cd8f1b0ecb535c3abb712b8ddda053bf8d16de2353b1c6ced0e65402", size = 564433, upload-time = "2026-07-21T14:42:35.465Z" },
]

[[package]]
name = "iniconfig"
version = "2.3.1"
source = { registry = "https://pypi.org/simple" }
sdist = { url = "https://files.pythonhosted.org/packages/01/e1/2069291243c926a2ff1cd706c7f3eeb9b62144bf60f77c9fb9ff2fb26bd3/iniconfig-2.3.1.tar.gz", hash = "sha256:67f4b9c50da0dedf52af349e7749a80a9057a5031199791b906c3bb3ae878960", size = 21209, upload-time = "2026-10-06T22:48:38.076Z" }
wheels = [
    { url = "https://files.pythonhosted.org/packages/56/43/4ca9e49d27a1fcf6bece6f6aec0ea46bb9112489b93d4b688fb415457bdb/iniconfig-2.3.1-py3-none-any.whl", hash = "sha256:9121e2c1fdb355232495be3194c8dfe87ccc2d5dee45947b78e68f499790d7a7", size = 7552, upload-time = "2026-10-06T22:48:36.959Z" },
]

[[package]]
name = "mujoco"
version = "3.15.0"
source = { registry = "https://pypi.org/simple" }
dependencies = [
    { name = "absl-py" },
    { name = "etils", extra = ["epath"] },
    { name = "glfw" },
    { name = "numpy" },
    { name = "pyopengl" },
    { name = "websockets" },
]
sdist = { url = "https://files.pythonhosted.org/packages/1e/f6/879886878bf01d4c26f1c189311f94fbd0b898b7fa6d273ae43cc85478e2/mujoco-3.15.0.tar.gz", hash = "sha256:26a80bf26c31cc59221ab2074f93649a7bee0db87f8646202995dc2065a21e7e", size = 6979770, upload-time = "2026-10-05T17:08:13.509Z" }
wheels = [
    { url = "https://files.pythonhosted.org/packages/3f/cb/7a784b2a5834e9423535927512d398ad6a860e3af1a8baddcd16046e760f/mujoco-3.15.0-cp311-cp311-macosx_11_0_arm64.whl", hash = "sha256:bd94cd7561431797b49e1a0c066a7c0b79abb021c15d45928b5a60d305ac9694", size = 27785021, upload-time = "2026-10-05T17:05:18.137Z" },
    { url = "https://files.pythonhosted.org/packages/eb/a6/9a1592e73462287217847b80e6c9765c900f5d6a694fbc800efaed9f8ab0/mujoco-3.15.0-cp311-cp311-manylinux_2_27_x86_64.manylinux_2_28_x86_64.whl", hash = "sha256:afbfbefc5d9f41d1800e2f140cc65357eebb03482c36a783ddf1f626c6479963", size = 30037758, upload-time = "2026-10-05T17:05:28.435Z" },
    { url = "https://files.pythonhosted.org/packages/8d/7f/083a171f9ce7a6e409aa03feee8d9c41510d1989f6481eb8f5a64439642b/mujoco-3.15.0-cp311-cp311-win_amd64.whl", hash = "sha256:2a71051159087c63c09f7f4a5c8b9f4d0e97e0fdf5a2172170a996f3fd71abbd", size = 18453467, upload-time = "2026-10-05T17:05:36.852Z" },
]

[[package]]
name = "numpy"
version = "2.4.6"
source = { registry = "https://pypi.org/simple" }
sdist = { url = "https://files.pythonhosted.org/packages/d0/ad/fed0499ce6a338d2a03ebae59cd15093910c8875328855781952abf6c2fe/numpy-2.4.6.tar.gz", hash = "sha256:f3a3570c4a2a16746ac2c31a7c7c7b0c186b95ce902e33db6f28094ed7387dda", size = 20735807, upload-time = "2026-05-18T23:37:14.07Z" }
wheels = [
    { url = "https://files.pythonhosted.org/packages/b3/49/ec46835a70be8fa6446c495126ac84fdb28cb2558e1620ffb87a10c8b64c/numpy-2.4.6-cp311-cp311-macosx_10_9_x86_64.whl", hash = "sha256:0280e0356c0829a18d9de1cb7eee50ec22ca639878d7240307ca0943d73cd2c4", size = 16969194, upload-time = "2026-05-18T23:33:13.503Z" },
    { url = "https://files.pythonhosted.org/packages/0e/0d/f5957185c0ee2f3e12f78715aa9e3b353fd83633316c8532b38faa37e3f6/numpy-2.4.6-cp311-cp311-macosx_11_0_arm64.whl", hash = "sha256:110f8b71aacb688ec69062bb7f6938a0f8acb01b7c1c4beb453c65b6d234584d", size = 14964111, upload-time = "2026-05-18T23:33:17.795Z" },
    { url = "https://files.pythonhosted.org/packages/ad/40/40a40ee0ddf7ceb782c49af278894b686e586d65d8c1889c8b5da01a3d7d/numpy-2.4.6-cp311-cp311-macosx_14_0_arm64.whl", hash = "sha256:4cfe66903cc32a9921a6733d96b19bb6abf310397581bbad89c228f5abaf0ee8", size = 5469159, upload-time = "2026-05-18T23:33:20.654Z" },
    { url = "https://files.pythonhosted.org/packages/63/13/f9a8046535cb21deae82f8d03de9617e08882d274fad2539630761888228/numpy-2.4.6-cp311-cp311-macosx_14_0_x86_64.whl", hash = "sha256:8155154c7c691289fe18f510b5d4657c68c67989f293f0535a91360392ff6538", size = 6798936, upload-time = "2026-05-18T23:33:22.987Z" },
    { url = "https://files.pythonhosted.org/packages/33/a8/6fa8c1a345a8c85dbb21932c447bee07c30a2c2a3f31e369c0a84b300147/numpy-2.4.6-cp311-cp311-manylinux_2_27_aarch64.manylinux_2_28_aarch64.whl", hash = "sha256:0ab0a9c4ffb1a6d95ef519fe4247dba8eb6b18ad93999f76b7f657039acabd47", size = 15966692, upload-time = "2026-05-18T23:33:26.62Z" },
    { url = "https://files.pythonhosted.org/packages/02/03/74fe2a4cb3817d94d86402f2506554130a2f01414e299b5a843e5a8a957f/numpy-2.4.6-cp311-cp311-manylinux_2_27_x86_64.manylinux_2_28_x86_64.whl", hash = "sha256:89cd468399cfd2504718f0ba50e410dca55a170b61a02ad92bb18c8a65186e93", size = 16918164, upload-time = "2026-05-18T23:33:29.955Z" },
    { url = "https://files.pythonhosted.org/packages/c5/80/3615be3313f7e7696609bc194b9f0101da809df79e859bdb84e0cd043f46/numpy-2.4.6-cp311-cp311-musllinux_1_2_aarch64.whl", hash = "sha256:c2d37ab77531417474168eb79d6d80b14f821a966818505d03013d0833edb7a8", size = 17322877, upload-time = "2026-05-18T23:33:34.724Z" },
    { url = "https://files.pythonhosted.org/packages/ca/ac/a691e0fe2675e370d0e08ff905adc49a1c8830e8cae03efe4477e92cd55d/numpy-2.4.6-cp311-cp311-musllinux_1_2_x86_64.whl", hash = "sha256:f407cb6b8e9d6d8c626bc73c945db1706035af8fd632295547bf1c9e46d092d6", size = 18651487, upload-time = "2026-05-18T23:33:38.217Z" },
    { url = "https://files.pythonhosted.org/packages/15/a7/9bc1cd626d7bf6869bfedf27b91b6ab5dd607758bf8e959d6fa80c6a59cb/numpy-2.4.6-cp311-cp311-win32.whl", hash = "sha256:ddea102b48f9e339f3948bf22040944184627a30fdf7f858667673b9c5f033c8", size = 6233945, upload-time = "2026-05-18T23:33:41.331Z" },
    { url = "https://files.pythonhosted.org/packages/c5/31/7fc6239c12bce7e931463251cca4426c465e1876ba3cc785402ef4dd8f4e/numpy-2.4.6-cp311-cp311-win_amd64.whl", hash = "sha256:1e254a00cdf42b1e4d5b3d68d33af63268d41340d8885df2ab6470f2e1500147", size = 12608406, upload-time = "2026-05-18T23:33:44.131Z" },
    { url = "https://files.pythonhosted.org/packages/27/83/140f85a466595a16382996a1bf06b2b54bcd597488921b0c9daaeeda72af/numpy-2.4.6-cp311-cp311-win_arm64.whl", hash = "sha256:ed9749eef4cbd126da3dc1d6bcb3a57f5eb7ac6a6484146bdbf743f552dfc577", size = 10479528, upload-time = "2026-05-18T23:33:50.725Z" },
    { url = "https://files.pythonhosted.org/packages/de/12/b422cc84439adc0d00de605bf4a308890ae5c26f2c71fbd73e5d08fbb0dd/numpy-2.4.6-pp311-pypy311_pp73-macosx_10_15_x86_64.whl", hash = "sha256:55cced7c52e981362f708ad635198e97a752dfba412cc03c23bbf3bd8d5cd662", size = 16847511, upload-time = "2026-05-18T23:36:50.673Z" },
    { url = "https://files.pythonhosted.org/packages/44/53/f481bef68011740f8849418d82db07230e825013f31f4eef5ba5b805316a/numpy-2.4.6-pp311-pypy311_pp73-macosx_11_0_arm64.whl", hash = "sha256:d6da64deb6b8ed903e7560180a92f2d804ee1ba5eeb849ac2748b8c1aba1f6d7", size = 14889064, upload-time = "2026-05-18T23:36:53.879Z" },
    { url = "https://files.pythonhosted.org/packages/7f/57/42ed575c10ced8af951d426bc4e1f8aff16fd851db33f067036215a7f860/numpy-2.4.6-pp311-pypy311_pp73-macosx_14_0_arm64.whl", hash = "sha256:68a5124b13fa6cc2086764a20005d30bc0548146f7f5322f02fce212ca14317f", size = 5394157, upload-time = "2026-05-18T23:36:57.194Z" },
    { url = "https://files.pythonhosted.org/packages/6a/ef/f66cc724fcc36c1e364c67f51ae9146090b8b584f27d58b97fdae3edd737/numpy-2.4.6-pp311-pypy311_pp73-macosx_14_0_x86_64.whl", hash = "sha256:948424b06129ce883307e8cff868c31396d8dc7630a59c61d70d98dbe70f222c", size = 6708728, upload-time = "2026-05-18T23:36:59.575Z" },
    { url = "https://files.pythonhosted.org/packages/1a/9c/c531f2293b91265d8b48e9b329f54fdd7ffae73cb4134ea10cca4237e9cc/numpy-2.4.6-pp311-pypy311_pp73-manylinux_2_27_aarch64.manylinux_2_28_aarch64.whl", hash = "sha256:5dbbdb29840ca3d91ee0fece42fc29278886d908280bfec0a5846c6f901a3eb0", size = 15798374, upload-time = "2026-05-18T23:37:02.674Z" },
    { url = "https://files.pythonhosted.org/packages/1a/b0/413077f6b1153ed3cba361401c6783bbad6114804a000cc22eb71c13e190/numpy-2.4.6-pp311-pypy311_pp73-manylinux_2_27_x86_64.manylinux_2_28_x86_64.whl", hash = "sha256:8ad03c0965fb3c692200e74d458ca28c1dbb4ce96f9a479a8aa041ad5fabca02", size = 16747286, upload-time = "2026-05-18T23:37:06.327Z" },
    { url = "https://files.pythonhosted.org/packages/15/ce/e5ec180bc41812edcd8daeb8639d205622c0e8c02259d8ab25a0201b3c2a/numpy-2.4.6-pp311-pypy311_pp73-win_amd64.whl", hash = "sha256:2803abfebfc990042cd494d8ce2d5f82e9d847af6d35ec486923aa19dbad5e73", size = 12504263, upload-time = "2026-05-18T23:37:09.715Z" },
]

[[package]]
name = "packaging"
version = "26.3"
source = { registry = "https://pypi.org/simple" }
sdist = { url = "https://files.pythonhosted.org/packages/7d/fa/3944b40b07da9ce895c0e6303a5ab7d53da063554f534556b134a54d6093/packaging-26.3.tar.gz", hash = "sha256:94edc256424af38762eb31306eed28beb9f0efc50a8837492c9d6fd6004aed79", size = 313412, upload-time = "2026-08-04T18:15:28.737Z" }
wheels = [
    { url = "https://files.pythonhosted.org/packages/63/34/ba1c580383c9eada3711951fef0795c80b829a078d72188184bcab9dd527/packaging-26.3-py3-none-any.whl", hash = "sha256:d7193f7c8e4e93f444fde0262bf90af30e16fa0ad0ad44cb553c87339b23cd1c", size = 129956, upload-time = "2026-08-04T18:15:27.159Z" },
]

[[package]]
name = "pluggy"
version = "1.6.0"
source = { registry = "https://pypi.org/simple" }
sdist = { url = "https://files.pythonhosted.org/packages/f9/e2/3e91f31a7d2b083fe6ef3fa267035b518369d9511ffab804f839851d2779/pluggy-1.6.0.tar.gz", hash = "sha256:7dcc130b76258d33b90f61b658791dede3486c3e6bfb003ee5c9bfb396dd22f3", size = 69412, upload-time = "2025-05-15T12:30:07.975Z" }
wheels = [
    { url = "https://files.pythonhosted.org/packages/54/20/4d324d65cc6d9205fabedc306948156824eb9f0ee1633355a8f7ec5c66bf/pluggy-1.6.0-py3-none-any.whl", hash = "sha256:e920276dd6813095e9377c0bc5566d94c932c33b27a3e3945d8389c374dd4746", size = 20538, upload-time = "2025-05-15T12:30:06.134Z" },
]

[[package]]
name = "pycollada"
version = "0.9.3"
source = { registry = "https://pypi.org/simple" }
dependencies = [
    { name = "numpy" },
    { name = "python-dateutil" },
]
sdist = { url = "https://files.pythonhosted.org/packages/5a/8d/52a5364a17eb96129962cae8d3ee7658775e085ad0ba38388684ad5944e9/pycollada-0.9.3.tar.gz", hash = "sha256:c34d6dcf0fe2eba5896f71c96d37a1c0fe1a61f08440fa0cfcec3dc2895d3302", size = 110826, upload-time = "2026-01-24T15:45:23.625Z" }
wheels = [
    { url = "https://files.pythonhosted.org/packages/07/86/f1f61b7a0701f9d1299e5293d083318019f91021a4d449f94d59dbe024e4/pycollada-0.9.3-py3-none-any.whl", hash = "sha256:636e6496f60987586db82455ea7bbd9ade775e8181c6590c83b698b6cd53a9f5", size = 129206, upload-time = "2026-01-24T15:45:22.182Z" },
]

[[package]]
name = "pygments"
version = "2.21.0"
source = { registry = "https://pypi.org/simple" }
sdist = { url = "https://files.pythonhosted.org/packages/49/2e/ced460408999b33da6b31b0021b0f37d329e202d4169aeb164493778f25b/pygments-2.21.0.tar.gz", hash = "sha256:610ca751c9bc2492b38eb9a38a7fbc93edbbb2d7182edaf34e66ae493dee5c8c", size = 5005329, upload-time = "2026-08-17T08:02:48.824Z" }
wheels = [
    { url = "https://files.pythonhosted.org/packages/71/46/17f022dd3e953bf20a04a028a21ec746d942f8d2af30fa0f124fa0e6a684/pygments-2.21.0-py3-none-any.whl", hash = "sha256:2363c69b61c4a97c838da3b130dcd6468f4848992b21a82f2a63ec34377137d9", size = 1250147, upload-time = "2026-08-17T08:02:44.912Z" },
]

[[package]]
name = "pyjson5"
version = "2.0.1"
source = { registry = "https://pypi.org/simple" }
sdist = { url = "https://files.pythonhosted.org/packages/f1/9a/3db19560e968d6e85b2a4ddf4b949c6ebf9dd1dcfb5a9f37736f8adeb927/pyjson5-2.0.1.tar.gz", hash = "sha256:a5b0e322e847b198a50d8a1ef16d6b2b19129644dc018d76773e81ef1487ca39", size = 352242, upload-time = "2026-05-15T16:12:54.931Z" }
wheels = [
    { url = "https://files.pythonhosted.org/packages/72/75/bd6b2297beef9730e7f265679de7105fbc9a49dd85dff28563851b9c679a/pyjson5-2.0.1-cp311-cp311-macosx_10_9_universal2.whl", hash = "sha256:1727cebec0ca73597188057bb826cd96c8503ced9b22a9cc73501f2e68d91ea0", size = 297438, upload-time = "2026-05-15T16:05:33.756Z" },
    { url = "https://files.pythonhosted.org/packages/ed/18/663ab5ad9aff987889440a2cb6f0415d334850444aba759211aa3eec10aa/pyjson5-2.0.1-cp311-cp311-macosx_10_9_x86_64.whl", hash = "sha256:4833d46e8dc4bcba54db038305c8a7455d05cf8533d52a2297abff634cf69fa3", size = 155300, upload-time = "2026-05-15T16:05:35.039Z" },
    { url = "https://files.pythonhosted.org/packages/1d/57/9f68629021052044cf46bb89652a442f14505f3087d786ac4b18268235b9/pyjson5-2.0.1-cp311-cp311-macosx_11_0_arm64.whl", hash = "sha256:d73d09a5cad4e3325bd6737697d649a4594c4fde8df8eb784ed795dea845435f", size = 151680, upload-time = "2026-05-15T16:05:36.26Z" },
    { url = "https://files.pythonhosted.org/packages/ac/06/21da19b96b3215d266bf4662147d5ef70f65daf9bd4e82305ae61584908a/pyjson5-2.0.1-cp311-cp311-manylinux1_i686.manylinux_2_28_i686.manylinux_2_5_i686.whl", hash = "sha256:ac66d237c78b9ecda45506225c7eed648d2e6750532e15e1ac2052acf3e2d444", size = 189073, upload-time = "2026-05-15T16:05:37.691Z" },
    { url = "https://files.pythonhosted.org/packages/bc/5b/48ec81dcee70f8d188ac04499207e3c8a893ec306a1ba4db5c38988f98c1/pyjson5-2.0.1-cp311-cp311-manylinux2014_aarch64.manylinux_2_17_aarch64.manylinux_2_28_aarch64.whl", hash = "sha256:ef1c0fa8af1cac361b2bbb030be942ead42bf872f279bc8e2666a8d5d6e7e7ee", size = 171985, upload-time = "2026-05-15T16:05:39.852Z" },
    { url = "https://files.pythonhosted.org/packages/f3/89/d79ac6cd317b3488e38f225c2cd8315fa54145faf939295b853bae70fe3c/pyjson5-2.0.1-cp311-cp311-manylinux2014_armv7l.manylinux_2_17_armv7l.manylinux_2_31_armv7l.whl", hash = "sha256:3e2e3ade7f34e1ad2b270fdaa6a11c31c7cb5f07379a422e9a714791d345e4bf", size = 169481, upload-time = "2026-05-15T16:05:41.751Z" },
    { url = "https://files.pythonhosted.org/packages/3f/db/e15cc07bf375a59d102536b233171eec621d1b8e9412596c0ef656828baf/pyjson5-2.0.1-cp311-cp311-manylinux2014_ppc64le.manylinux_2_17_ppc64le.manylinux_2_28_ppc64le.whl", hash = "sha256:55780f15c6d00a8d7847c7291c1a09492beab61460cf1b4725177b189cfaab65", size = 191706, upload-time = "2026-05-15T16:05:43.54Z" },
    { url = "https://files.pythonhosted.org/packages/4f/64/3c1c2b350071ccbfcc3a8e4eae66af960cc3193008cf47846cc1c775aebb/pyjson5-2.0.1-cp311-cp311-manylinux2014_s390x.manylinux_2_17_s390x.manylinux_2_28_s390x.whl", hash = "sha256:2f80ec4e18b2a8d42832f843b48cf06e77240c8e9cb046ea7e10752e8135ce87", size = 195462, upload-time = "2026-05-15T16:05:45.164Z" },
    { url = "https://files.pythonhosted.org/packages/19/87/e0774939571faad2609fce9865ffd7a30b648f828fc2ca5acc364411f0ce/pyjson5-2.0.1-cp311-cp311-manylinux2014_x86_64.manylinux_2_17_x86_64.manylinux_2_28_x86_64.whl", hash = "sha256:94a645be2b846a6a1155296047176099b6ce987030fb7723208d364cb1b73eed", size = 183993, upload-time = "2026-05-15T16:05:46.952Z" },
    { url = "https://files.pythonhosted.org/packages/7d/a2/ce59cab1733bed125193765f8d55ff316f151703eeb5c264b63200c4b26a/pyjson5-2.0.1-cp311-cp311-manylinux_2_31_riscv64.manylinux_2_39_riscv64.whl", hash = "sha256:2c34ddc5a211ecebcfadeb9c698abd047245bac83ab7340811b77fd41aab76e4", size = 182419, upload-time = "2026-05-15T16:05:48.351Z" },
    { url = "https://files.pythonhosted.org/packages/4f/8d/cf77e9193cbff64a8488fa005c62544d102fcc7f8d233932b8c026adf00a/pyjson5-2.0.1-cp311-cp311-musllinux_1_2_aarch64.whl", hash = "sha256:3614a579966cc22bc4e83599a786bd875e2c1de4baf71898763623f670df69a2", size = 1153689, upload-time = "2026-05-15T16:05:50.295Z" },
    { url = "https://files.pythonhosted.org/packages/27/d3/fb75865e713871e0fbb2c6c46a1569365f8778c59601939432dcf540b9d4/pyjson5-2.0.1-cp311-cp311-musllinux_1_2_armv7l.whl", hash = "sha256:1925fa0b53bf722d6d263e1eeafd6c009dd4dc975bc481e03786497b2c25eb08", size = 1013811, upload-time = "2026-05-15T16:05:52.246Z" },
    { url = "https://files.pythonhosted.org/packages/26/7f/678c7a3ca28439558f42e78560d5e8096918e5fa1995edfc23702cb10a90/pyjson5-2.0.1-cp311-cp311-musllinux_1_2_i686.whl", hash = "sha256:497b4d61617db4498a20b47827939034d9234c695d44df7dc907ec455068070e", size = 1327361, upload-time = "2026-05-15T16:05:54.035Z" },
    { url = "https://files.pythonhosted.org/packages/bd/86/f4b57480f00d546031f6ec6dda17780f996cceb1adf02fed586d2d985aa7/pyjson5-2.0.1-cp311-cp311-musllinux_1_2_ppc64le.whl", hash = "sha256:d8ca0d3e4fc92dd20ae76d067ae692cac35161f83f0712c5b20d8f7ba73730b9", size = 1251975, upload-time = "2026-05-15T16:05:56.082Z" },
    { url = "https://files.pythonhosted.org/packages/bb/72/27be9cdb773cdeb334d423d57cc68be30c280df3d3b163c68b7a963d4e50/pyjson5-2.0.1-cp311-cp311-musllinux_1_2_riscv64.whl", hash = "sha256:6899d9e22660862fb9baf3eb5ac9b2887eb478b18d14f95de94feffed5ce0558", size = 1188190, upload-time = "2026-05-15T16:05:57.841Z" },
    { url = "https://files.pythonhosted.org/packages/cf/59/c9672530a00d433e5411440940d2454d39b19fde29c69eab064af136a157/pyjson5-2.0.1-cp311-cp311-musllinux_1_2_s390x.whl", hash = "sha256:4671741493245604579cd9a9c044fd12341a0a61cf0fda8fb844812e29a1a488", size = 1367103, upload-time = "2026-05-15T16:05:59.577Z" },
    { url = "https://files.pythonhosted.org/packages/b3/14/356b2a67f1d6d062df8345c98b1337556f75c18ca0f9f32921d2a28e1946/pyjson5-2.0.1-cp311-cp311-musllinux_1_2_x86_64.whl", hash = "sha256:1f5ae05506fc86bbe5716ec102cd023d20d2051f43f4eb3a741b557616c3245d", size = 1217145, upload-time = "2026-05-15T16:06:01.671Z" },
    { url = "https://files.pythonhosted.org/packages/93/ca/dbf1f6f20cd54be3588b890648f46c1a0db111c7c988d3325e31c14f3510/pyjson5-2.0.1-cp311-cp311-win32.whl", hash = "sha256:90ef60fe98b6d0eaef3a6cdc81a6b1c6acb135a061bc695c00f3b6fdb86f3f90", size = 114798, upload-time = "2026-05-15T16:06:03.289Z" },
    { url = "https://files.pythonhosted.org/packages/48/87/933712d67031be67cf7c0298d655026b46b30539144f9f12f9084d80b03b/pyjson5-2.0.1-cp311-cp311-win_amd64.whl", hash = "sha256:9f5d62dfe22810a3ad2252c1b0d7f89b0673255263410d999d88bfd6f46b0ca8", size = 134709, upload-time = "2026-05-15T16:06:04.683Z" },
    { url = "https://files.pythonhosted.org/packages/c4/77/ce42988444b3e567d2b949970f96949e61aadbe535ceacb12afc2570b553/pyjson5-2.0.1-cp311-cp311-win_arm64.whl", hash = "sha256:25ee8af17c19d0a31adc3672adc9c92429130e171e6fbe374468519892fd218b", size = 117230, upload-time = "2026-05-15T16:06:06.173Z" },
]

[[package]]
name = "pyopengl"
version = "3.1.10"
source = { registry = "https://pypi.org/simple" }
sdist = { url = "https://files.pythonhosted.org/packages/6f/16/912b7225d56284859cd9a672827f18be43f8012f8b7b932bc4bd959a298e/pyopengl-3.1.10.tar.gz", hash = "sha256:c4a02d6866b54eb119c8e9b3fb04fa835a95ab802dd96607ab4cdb0012df8335", size = 1915580, upload-time = "2025-08-18T02:33:01.76Z" }
wheels = [
    { url = "https://files.pythonhosted.org/packages/de/e4/1ba6f44e491c4eece978685230dde56b14d51a0365bc1b774ddaa94d14cd/pyopengl-3.1.10-py3-none-any.whl", hash = "sha256:794a943daced39300879e4e47bd94525280685f42dbb5a998d336cfff151d74f", size = 3194996, upload-time = "2025-08-18T02:32:59.902Z" },
]

[[package]]
name = "pytest"
version = "9.1.1"
source = { registry = "https://pypi.org/simple" }
dependencies = [
    { name = "colorama", marker = "sys_platform == 'win32'" },
    { name = "iniconfig" },
    { name = "packaging" },
    { name = "pluggy" },
    { name = "pygments" },
]
sdist = { url = "https://files.pythonhosted.org/packages/e4/47/b9efed96c114afcfa3c9d3fe98a76a1d14c74a9e266d397cf6eb64be5e01/pytest-9.1.1.tar.gz", hash = "sha256:1088fbde8f2b49d95a549a195707afa7a76a3ce9bcadc26b6d71f0ffda5fe313", size = 1636369, upload-time = "2026-06-19T10:58:32.857Z" }
wheels = [
    { url = "https://files.pythonhosted.org/packages/24/25/1de2678b631f5a49215c6c96fff41ba892b0a34df68d6d80292b1b48aa7f/pytest-9.1.1-py3-none-any.whl", hash = "sha256:37a86b45efb9a47a61a36449063e8e18d0cab3161329fc099eb21783169c4f0c", size = 386536, upload-time = "2026-06-19T10:58:31.347Z" },
]

[[package]]
name = "python-dateutil"
version = "2.9.0.post0"
source = { registry = "https://pypi.org/simple" }
dependencies = [
    { name = "six" },
]
sdist = { url = "https://files.pythonhosted.org/packages/66/c0/0c8b6ad9f17a802ee498c46e004a0eb49bc148f2fd230864601a86dcf6db/python-dateutil-2.9.0.post0.tar.gz", hash = "sha256:37dd54208da7e1cd875388217d5e00ebd4179249f90fb72437e91a35459a0ad3", size = 342432, upload-time = "2024-03-01T18:36:20.211Z" }
wheels = [
    { url = "https://files.pythonhosted.org/packages/ec/57/56b9bcc3c9c6a792fcbaf139543cee77261f3651ca9da0c93f5c1221264b/python_dateutil-2.9.0.post0-py2.py3-none-any.whl", hash = "sha256:a8b2bc7bffae282281c8140a97d3aa9c14da0b136dfe83f850eea9a5f7470427", size = 229892, upload-time = "2024-03-01T18:36:18.57Z" },
]

[[package]]
name = "sim-isaac-tests"
version = "0.1.0"
source = { virtual = "." }
dependencies = [
    { name = "numpy" },
    { name = "pyjson5" },
    { name = "sim-robot-core" },
]

[package.dev-dependencies]
dev = [
    { name = "mujoco" },
    { name = "pycollada" },
    { name = "pytest" },
    { name = "usd-core", marker = "platform_machine == 'AMD64' or platform_machine == 'x86_64' or sys_platform == 'darwin'" },
]

[package.metadata]
requires-dist = [
    { name = "numpy", specifier = ">=1.26" },
    { name = "pyjson5", specifier = "==2.0.1" },
    { name = "sim-robot-core", git = "https://github.com/Peppy-bot/public-peppy-libs?subdirectory=sim_robot_core&rev=7b3a277bff890d0dde26e6aa998074fa90cbffb0" },
]

[package.metadata.requires-dev]
dev = [
    { name = "mujoco", specifier = "==3.15.0" },
    { name = "pycollada", specifier = "==0.9.3" },
    { name = "pytest", specifier = ">=8" },
    { name = "usd-core", marker = "platform_machine == 'AMD64' or platform_machine == 'x86_64' or sys_platform == 'darwin'", specifier = "==26.8" },
]

[[package]]
name = "sim-robot-core"
version = "0.1.0"
source = { git = "https://github.com/Peppy-bot/public-peppy-libs?subdirectory=sim_robot_core&rev=7b3a277bff890d0dde26e6aa998074fa90cbffb0#7b3a277bff890d0dde26e6aa998074fa90cbffb0" }
dependencies = [
    { name = "numpy" },
    { name = "pyjson5" },
]

[[package]]
name = "six"
version = "1.17.0"
source = { registry = "https://pypi.org/simple" }
sdist = { url = "https://files.pythonhosted.org/packages/94/e7/b2c673351809dca68a0e064b6af791aa332cf192da575fd474ed7d6f16a2/six-1.17.0.tar.gz", hash = "sha256:ff70335d468e7eb6ec65b95b99d3a2836546063f63acc5171de367e834932a81", size = 34031, upload-time = "2024-12-04T17:35:28.174Z" }
wheels = [
    { url = "https://files.pythonhosted.org/packages/b7/ce/149a00dd41f10bc29e5921b496af8b574d8413afcd5e30dfa0ed46c2cc5e/six-1.17.0-py2.py3-none-any.whl", hash = "sha256:4721f391ed90541fddacab5acf947aa0d3dc7d27b2e1e8eda2be8970586c3274", size = 11050, upload-time = "2024-12-04T17:35:26.475Z" },
]

[[package]]
name = "typing-extensions"
version = "4.16.0"
source = { registry = "https://pypi.org/simple" }
sdist = { url = "https://files.pythonhosted.org/packages/f6/cc/6253133b5bb138fc3306cebfbda2c520f545d36b5be2c7255cc528bb45d6/typing_extensions-4.16.0.tar.gz", hash = "sha256:dc983d19a509c94dba722ee6abd33940f7c05a89e243c47e907eb4db6f1a43e5", size = 113555, upload-time = "2026-07-02T08:40:05.92Z" }
wheels = [
    { url = "https://files.pythonhosted.org/packages/49/d3/b8441a820a491ddfc024b0b0cf0393375b75ea13866d9c66727e54c2fc80/typing_extensions-4.16.0-py3-none-any.whl", hash = "sha256:481caa481374e813c1b176ada14e97f1f67a4539ce9cfeb3f350d78d6370c2e8", size = 45571, upload-time = "2026-07-02T08:40:04.659Z" },
]

[[package]]
name = "usd-core"
version = "26.8"
source = { registry = "https://pypi.org/simple" }
wheels = [
    { url = "https://files.pythonhosted.org/packages/5d/7b/fd674dc4c3273e18cede49c50be75d90649d38dbec6180bda83b4047a8f0/usd_core-26.8-cp311-none-macosx_10_15_universal2.whl", hash = "sha256:781ddef732e3a6d300a5fa2d0c5b8af103aa8589a88c4af77ac6608f39293880", size = 40653076, upload-time = "2026-07-20T14:32:11.676Z" },
    { url = "https://files.pythonhosted.org/packages/c4/d7/491a3dd0f62424f92f59240c5aa5c64c03588c1b4920b00f5df2ac4f4087/usd_core-26.8-cp311-none-manylinux_2_27_x86_64.manylinux_2_28_x86_64.whl", hash = "sha256:53ebbc130108c7e0e7b4af9a4fe3bdac2ae084a12db13496a50f895db527382e", size = 29611915, upload-time = "2026-07-20T14:32:14.833Z" },
    { url = "https://files.pythonhosted.org/packages/66/18/7ccfb5c69366fa0d7590697e0f62adb4b5c20f02a3c3a674331b4bf40d43/usd_core-26.8-cp311-none-win_amd64.whl", hash = "sha256:d39cef20efdfc29473e92887487bb8c10c45e966c492b5356d32a52724c3578f", size = 13848082, upload-time = "2026-07-20T14:32:17.701Z" },
]

[[package]]
name = "websockets"
version = "17.2"
source = { registry = "https://pypi.org/simple" }
sdist = { url = "https://files.pythonhosted.org/packages/01/89/3f825ab71c242fffb62ea8fe638741c290f62f8d7aadf8125ff897747af3/websockets-17.2.tar.gz", hash = "sha256:36c2fb94c990cc2545143b12690e2de6c16300f9dbe5b4f33fa300cf57dc8792", size = 188355, upload-time = "2026-10-03T14:56:53.5Z" }
wheels = [
    { url = "https://files.pythonhosted.org/packages/7c/f7/8a90cc2abbe4709dff4450824beb07cbf7256566ee043c2ba3faa1d5fb2a/websockets-17.2-cp311-cp311-macosx_10_9_universal2.whl", hash = "sha256:569ed5db651e420b13279f9333443bb5b84a436cc66b599cbc535697ae4434a0", size = 217725, upload-time = "2026-10-03T14:52:50.797Z" },
    { url = "https://files.pythonhosted.org/packages/7f/85/e418ba2e7e412a5b35c42caf6d4fcc8ecee1a66edc4f2a5f780da775aa77/websockets-17.2-cp311-cp311-macosx_10_9_x86_64.whl", hash = "sha256:3892d76754b5f36fb40619f3ef09c68e5c3091f1ab8840964518ae5a41f30952", size = 215415, upload-time = "2026-10-03T14:52:52.715Z" },
    { url = "https://files.pythonhosted.org/packages/b3/28/e4d7eb2e2e4ffed0b0dfbd2d1aa3c8101f42d34ac9f58b47b822c565d1d4/websockets-17.2-cp311-cp311-macosx_11_0_arm64.whl", hash = "sha256:5436ffea003adb50e283ca0684a3fcaa1396104f841736c3322ee6582bd09e98", size = 215690, upload-time = "2026-10-03T14:52:54.173Z" },
    { url = "https://files.pythonhosted.org/packages/4b/dd/e8718fa6114c4cd15b05133b548af985638e80774253c1faee8d49874c38/websockets-17.2-cp311-cp311-manylinux1_i686.manylinux_2_28_i686.manylinux_2_5_i686.whl", hash = "sha256:9df9d048def11365d170b375b6ffc8b23a7f188c3560acd4418ba088ca2e2705", size = 224756, upload-time = "2026-10-03T14:52:56.132Z" },
    { url = "https://files.pythonhosted.org/packages/65/30/d5161c46f3eee2ae67cdec489532b51695a1c27ccfadd858dcd419ea26ac/websockets-17.2-cp311-cp311-manylinux1_x86_64.manylinux_2_28_x86_64.manylinux_2_5_x86_64.whl", hash = "sha256:376a693697ddb695ea282ead76060f4847f90e564b12b4389f2c7589e6fadb9e", size = 225026, upload-time = "2026-10-03T14:52:57.671Z" },
    { url = "https://files.pythonhosted.org/packages/d5/9a/3f83bace9636af07d7bb00cbae0bcb5bd1697892babac79664f3a2b3a011/websockets-17.2-cp311-cp311-manylinux2014_aarch64.manylinux_2_17_aarch64.manylinux_2_28_aarch64.whl", hash = "sha256:ecd63d0c7ed0d3d719c91b5a3861f0f0b3cec9bf223033ddf69d17aaac74bb6d", size = 226260, upload-time = "2026-10-03T14:52:59.114Z" },
    { url = "https://files.pythonhosted.org/packages/03/50/5347cb13f97430526b9c31e9b30fa639bb1d0f9d53074da8622b327cfb6f/websockets-17.2-cp311-cp311-manylinux2014_armv7l.manylinux_2_17_armv7l.manylinux_2_31_armv7l.whl", hash = "sha256:48997ed4431d8006988788ef4b62e1fd3f053c7463b4fa793aa6c4f9e96a3bb7", size = 229573, upload-time = "2026-10-03T14:53:00.601Z" },
    { url = "https://files.pythonhosted.org/packages/14/2b/7511082e3fe0cc3233ecb0c3b019ef12c1cd9df60ac1a7858f6093f490b5/websockets-17.2-cp311-cp311-manylinux2014_ppc64le.manylinux_2_17_ppc64le.manylinux_2_28_ppc64le.whl", hash = "sha256:4e312e07557a5ad348f4e83d3419773527f6e790c7f97928b1911d767b6ea1c7", size = 226819, upload-time = "2026-10-03T14:53:02.235Z" },
    { url = "https://files.pythonhosted.org/packages/26/4f/86c1a9db323d4fdbf56cc089942f18328a48c3efbbad0d625a66a2195842/websockets-17.2-cp311-cp311-manylinux2014_s390x.manylinux_2_17_s390x.manylinux_2_28_s390x.whl", hash = "sha256:902ce8cafca2dc14cef9558a6fc3b45dbf7f121d1404bf2ad18a1c894555e48c", size = 225595, upload-time = "2026-10-03T14:53:03.768Z" },
    { url = "https://files.pythonhosted.org/packages/81/92/4f54f6031d97e284e01a0728cef38b095478dcaab81837aac8cb0e26ea6a/websockets-17.2-cp311-cp311-manylinux_2_31_riscv64.manylinux_2_39_riscv64.whl", hash = "sha256:e53d950e16d4bb672a5ff41fe3131e65a4e5d688d694e1c7074c8c9990bb3ceb", size = 222875, upload-time = "2026-10-03T14:53:05.7Z" },
    { url = "https://files.pythonhosted.org/packages/5c/32/c6d59b8b45c730a56ee5acf6c0ce9896356cba25ef3f9a4c9d1796f2e44f/websockets-17.2-cp311-cp311-musllinux_1_2_aarch64.whl", hash = "sha256:946ac2164d646e733004946ae39536b5af473853183d81da5962e29d36e3ad35", size = 225745, upload-time = "2026-10-03T14:53:07.281Z" },
    { url = "https://files.pythonhosted.org/packages/d1/7c/5d9b91b43aa339b96551630940a847270c10a9d70243be4c81fe5dc6fb34/websockets-17.2-cp311-cp311-musllinux_1_2_armv7l.whl", hash = "sha256:660aa158127035e741d4b1835dbe79ae18a1fbb21ecd236655f31d60110e68d5", size = 224342, upload-time = "2026-10-03T14:53:08.893Z" },
    { url = "https://files.pythonhosted.org/packages/d3/e1/c90c24b0dfb12b8b6f0d5e13fc7cf9f121a2e072f7f54bb888da826b2012/websockets-17.2-cp311-cp311-musllinux_1_2_i686.whl", hash = "sha256:4733fc2d99fe888261417b7e29995403a72d9ffa78629902882325ea141177f2", size = 225109, upload-time = "2026-10-03T14:53:10.495Z" },
    { url = "https://files.pythonhosted.org/packages/c1/5b/f38ca1299c10ea1cfc7f1d129c65a15e4f4b281d1f3dc25891d5fb9bf9db/websockets-17.2-cp311-cp311-musllinux_1_2_ppc64le.whl", hash = "sha256:c2ec7e51157a3fa0e9cfdb1a8969bab38d1c22ad1ace7c6cea006383b43a1ad4", size = 226151, upload-time = "2026-10-03T14:53:11.976Z" },
    { url = "https://files.pythonhosted.org/packages/f9/21/ff6089c6921c7ae0e1801a4948aa1a3831deb1596e8f0d1cd3a0c0e44109/websockets-17.2-cp311-cp311-musllinux_1_2_riscv64.whl", hash = "sha256:ada04d0262ab06527054a2a497f384d102698ff39b3865dc566a7d24b6f4058c", size = 223732, upload-time = "2026-10-03T14:53:13.864Z" },
    { url = "https://files.pythonhosted.org/packages/4a/c4/01ca4212f665e351123c84e7f7156badf5da958ef8aad8781b538682c699/websockets-17.2-cp311-cp311-musllinux_1_2_s390x.whl", hash = "sha256:9c393a202df08e96ed619310f0cd78be700e532a57d9a6ceee5f80b4e35bef14", size = 224764, upload-time = "2026-10-03T14:53:15.411Z" },
    { url = "https://files.pythonhosted.org/packages/71/24/bc17b39d1e62b771d8a417b714439252d7abfca21185242cc293d75b20d5/websockets-17.2-cp311-cp311-musllinux_1_2_x86_64.whl", hash = "sha256:af4c565b923bb5975401b8e4cedc2e17b2fdbf33b905737ee12384e6a6fd9507", size = 225002, upload-time = "2026-10-03T14:53:16.93Z" },
    { url = "https://files.pythonhosted.org/packages/0b/f6/ccab831ab6a841a35134937a1794c0f3f09ccc604625505be061dec5b3e4/websockets-17.2-cp311-cp311-win32.whl", hash = "sha256:c81d6cdbacccda7e0eef3b076a457fd14c3835cdbc5993d2881580c2fb1f5f26", size = 218226, upload-time = "2026-10-03T14:53:18.376Z" },
    { url = "https://files.pythonhosted.org/packages/0a/18/4fcc23f2159393ad7a668574ee97ee5a135003bfcbdd56b30581110c0fe8/websockets-17.2-cp311-cp311-win_amd64.whl", hash = "sha256:55c5b9eab079540bfb639b40b07b7b467e5c5a7ecf97a65cc8665781381c9856", size = 218523, upload-time = "2026-10-03T14:53:19.947Z" },
    { url = "https://files.pythonhosted.org/packages/86/41/5a3f4f75dadb7fbf980ea4b59d02528f87fb2d3c0ac120c2ff50d1dc1b34/websockets-17.2-cp311-cp311-win_arm64.whl", hash = "sha256:55f9a808a0e072473337c240c939849818276e288e2374b832255b5b791b0851", size = 218454, upload-time = "2026-10-03T14:53:21.417Z" },
    { url = "https://files.pythonhosted.org/packages/7f/e2/09ad9cec0fc7e39f983b52f9e49c44f89b7cf7a61d4761fa7fc398f003f9/websockets-17.2-pp311-pypy311_pp73-macosx_10_15_x86_64.whl", hash = "sha256:2de1ccf298f5c9e0f27113836d742edb95f015eee3148f004ac386f7ba9a05b1", size = 215348, upload-time = "2026-10-03T14:56:41.037Z" },
    { url = "https://files.pythonhosted.org/packages/80/fe/c307b5d8cdf1852d00606a0403502f0ca5cd8a4736550bab70abce09f7e9/websockets-17.2-pp311-pypy311_pp73-macosx_11_0_arm64.whl", hash = "sha256:761cde41439f0be761aa460e1451a31e2e14baf4a46db6fe4913e5a06a90df66", size = 215621, upload-time = "2026-10-03T14:56:43.097Z" },
    { url = "https://files.pythonhosted.org/packages/78/29/af8412f154cd0568afc043ab478cc8c1ebdf9337b25c85cb9a049d18cfcb/websockets-17.2-pp311-pypy311_pp73-manylinux1_i686.manylinux_2_28_i686.manylinux_2_5_i686.whl", hash = "sha256:15a7101b660a9f15fac34108c92cefc9848f6753a50acef8869e3cd94148fdb7", size = 216569, upload-time = "2026-10-03T14:56:44.979Z" },
    { url = "https://files.pythonhosted.org/packages/fc/76/92ae57b985378036bb8133ea39d1e5cc4d97accad9cae38169426bdcef75/websockets-17.2-pp311-pypy311_pp73-manylinux1_x86_64.manylinux_2_28_x86_64.manylinux_2_5_x86_64.whl", hash = "sha256:214da56dba368f61b3d745c77630b2d03c61c02da7b42fe80ef6efba079d3077", size = 216462, upload-time = "2026-10-03T14:56:46.771Z" },
    { url = "https://files.pythonhosted.org/packages/e5/35/e3b276473f7f38984990eb29cf525ffaed131f6136bedb929b5c2ce7151e/websockets-17.2-pp311-pypy311_pp73-manylinux2014_aarch64.manylinux_2_17_aarch64.manylinux_2_28_aarch64.whl", hash = "sha256:80cbc645af23ac5c12096545c161626960114a1bc10f864760558d3b3e82ba18", size = 217355, upload-time = "2026-10-03T14:56:48.654Z" },
    { url = "https://files.pythonhosted.org/packages/aa/a1/459ab96c5cda8a2164f594be6dc9f868de7971e6abafa696ea07534139a6/websockets-17.2-pp311-pypy311_pp73-win_amd64.whl", hash = "sha256:063508ce9e0db745f30ab52fc652f4e59efc79c2b74934b3837d5cdb974da620", size = 218612, upload-time = "2026-10-03T14:56:50.287Z" },
    { url = "https://files.pythonhosted.org/packages/8a/58/835cd51934d6780fa586f275b5d9901eead6d81569b4343b3767cdbaae4c/websockets-17.2-py3-none-any.whl", hash = "sha256:6aa59f0ef92e796b2db6f5f26550c4713c0e4036899fadf02f55e2ed4db0b7ae", size = 211883, upload-time = "2026-10-03T14:56:51.898Z" },
]

[[package]]
name = "zipp"
version = "4.1.1"
source = { registry = "https://pypi.org/simple" }
sdist = { url = "https://files.pythonhosted.org/packages/dc/23/655a1802fe8041302c959774ca7c80b53bc24737ff3ef45cb50ef11bd96c/zipp-4.1.1.tar.gz", hash = "sha256:7ebb7a44c021b29fd8dbd7cce6812d0d7b5b454521f93cc71af6ccd155aaa70b", size = 27649, upload-time = "2026-10-03T17:03:03.452Z" }
wheels = [
    { url = "https://files.pythonhosted.org/packages/b5/98/df615823cd9419131ce19fba00de53a663794369e198aade064a244b385d/zipp-4.1.1-py3-none-any.whl", hash = "sha256:8979f52d874162f485ff2981e3891f3a3317b7a3dd43ff1e1775b9304f307a9c", size = 10582, upload-time = "2026-10-03T17:03:02.506Z" },
]
