version = 1
revision = 3
requires-python = "==3.11.*"

[[package]]
name = "absl-py"
version = "2.5.0"
source = { registry = "https://pypi.org/simple" }
sdist = { url = "https://files.pythonhosted.org/packages/d0/4f/d79676ab82f2e42fc3611618139f13a9c4c31d0cff4b486982047679a802/absl_py-2.5.0.tar.gz", hash = "sha256:0c996f25c0490700fadabe6351630f6111534fa0ae252cc6d2014ea3b141135f", size = 118119, upload-time = "2026-07-03T10:57:48.157Z" }
wheels = [
    { url = "https://files.pythonhosted.org/packages/58/0a/a10b45aab35b175aded078a462dc8d0c698f5b13946e7cb0869097b78bb6/absl_py-2.5.0-py3-none-any.whl", hash = "sha256:0f17b89f2a4eaaedc4f28c622998aa690564b3012a396a4ffad0821007fe03ba", size = 137410, upload-time = "2026-07-03T10:57:46.735Z" },
]

[[package]]
name = "colorama"
version = "0.4.6"
source = { registry = "https://pypi.org/simple" }
sdist = { url = "https://files.pythonhosted.org/packages/d8/53/6f443c9a4a8358a93a6792e2acffb9d9d5cb0a5cfd8802644b7b1c9a02e4/colorama-0.4.6.tar.gz", hash = "sha256:08695f5cb7ed6e0531a20572697297273c47b8cae5a63ffc6d6ed5c201be6e44", size = 27697, upload-time = "2022-10-25T02:36:22.414Z" }
wheels = [
    { url = "https://files.pythonhosted.org/packages/d1/d6/3965ed04c63042e047cb6a3e6ed1a63a35087b6a609aa3a15ed8ac56c221/colorama-0.4.6-py2.py3-none-any.whl", hash = "sha256:4f1d9991f5acc0ca119f9d443620b77f9d6b33703e51011c16baf57afb285fc6", size = 25335, upload-time = "2022-10-25T02:36:20.889Z" },
]

[[package]]
name = "etils"
version = "1.14.0"
source = { registry = "https://pypi.org/simple" }
sdist = { url = "https://files.pythonhosted.org/packages/26/ce/6e067242fde898841922ac6fc82b0bb2fe35c38e995880bdffdfbe30182a/etils-1.14.0.tar.gz", hash = "sha256:8136e7f4c4173cd0af0ca5481c4475152f0b8686192951eefa60ee8711e1ede4", size = 108127, upload-time = "2026-03-04T17:41:36.291Z" }
wheels = [
    { url = "https://files.pythonhosted.org/packages/5a/3d/589663aeeacd59bb2f3e8596bfd3e81cf0fb18d70bb433199041f469771b/etils-1.14.0-py3-none-any.whl", hash = "sha256:b5df7341f54dbe1405a4450b2741207b4a8c279780402b45f87202b94dfc52b4", size = 172934, upload-time = "2026-03-04T17:41:35.01Z" },
]

[package.optional-dependencies]
epath = [
    { name = "fsspec" },
    { name = "typing-extensions" },
    { name = "zipp" },
]

[[package]]
name = "fsspec"
version = "2026.7.0"
source = { registry = "https://pypi.org/simple" }
sdist = { url = "https://files.pythonhosted.org/packages/00/78/f34251dadb8f3921264a1d9b8946f5e542014ee2614b285261b4e40e6775/fsspec-2026.7.0.tar.gz", hash = "sha256:c803c40f4cf860b49dea58ee3e1c33cb9c790520e233537e1340049f89b82a88", size = 317040, upload-time = "2026-07-28T16:34:51.052Z" }
wheels = [
    { url = "https://files.pythonhosted.org/packages/fd/3c/6a2bf344106328fd04963664a60b9bb6496fc25df8e962fcdc1367285fb9/fsspec-2026.7.0-py3-none-any.whl", hash = "sha256:b57ddbafedfaef7018c1ecab32aa200a9d7ca26b77965f64e48b70061249d279", size = 206583, upload-time = "2026-07-28T16:34:49.538Z" },
]

[[package]]
name = "glfw"
version = "2.10.2"
source = { registry = "https://pypi.org/simple" }
sdist = { url = "https://files.pythonhosted.org/packages/0f/62/096058bcb4b4fb28f7ecd28fb048f07969d90b243c417af5f6d09d45a0c2/glfw-2.10.2.tar.gz", hash = "sha256:5d2cf97c66bc42a6b583be0e307eae5a3945438322e2ed0c5e4f14dc251d693d", size = 36307, upload-time = "2026-07-21T14:42:36.732Z" }
wheels = [
    { url = "https://files.pythonhosted.org/packages/c4/80/5e575ec14f54dc0a644e7215985b9ee7c5044fcc3594d6b83dfdeb04ccd4/glfw-2.10.2-py2.py3-none-macosx_10_6_intel.whl", hash = "sha256:a04d25bb535a3a29e173ea1abd658e161681b5d3816e00bc51c122f74cd7fa3a", size = 110295, upload-time = "2026-07-21T14:42:25.625Z" },
    { url = "https://files.pythonhosted.org/packages/e5/2e/22216db429690aa51fa87d2e2b5e6b610c5a37b9df7768da2927f52f8704/glfw-2.10.2-py2.py3-none-macosx_11_0_arm64.whl", hash = "sha256:c000b8a5e5fb4374b2c18d12347255ccb92001b9bcf80ef74c56072acbb98fe3", size = 107146, upload-time = "2026-07-21T14:42:26.854Z" },
    { url = "https://files.pythonhosted.org/packages/75/a4/9ccee9d5c3b9c5d6bafce3e8d53ab8318eff30124e3c19b95580bebaa6d4/glfw-2.10.2-py2.py3-none-manylinux2014_aarch64.whl", hash = "sha256:0ffe2b48b51f37b05e8f027f57c0b8cd213affaf22fc83401bd9621692d4c6c8", size = 235005, upload-time = "2026-07-21T14:42:27.955Z" },
    { url = "https://files.pythonhosted.org/packages/77/44/37aeed50c581c76e1c5bb83b696a06f98f8ecc979ed8564dde3eef908e8b/glfw-2.10.2-py2.py3-none-manylinux2014_x86_64.whl", hash = "sha256:82daf1f87b2a48815637dc6f6720d4a55a57ba1d3683322dc20dc28065754f97", size = 246951, upload-time = "2026-07-21T14:42:29.107Z" },
    { url = "https://files.pythonhosted.org/packages/52/fc/29b4f1a8c8e33d8934781330a0845458b01da7f389d9fe6a3350e752b7f3/glfw-2.10.2-py2.py3-none-manylinux_2_28_aarch64.whl", hash = "sha256:7604425ec95665cc6a25c3ed7d07e9660d394a34472ceffaec0843c844e7b649", size = 236018, upload-time = "2026-07-21T14:42:30.623Z" },
    { url = "https://files.pythonhosted.org/packages/69/84/1b98671314ea5f40397586b6cd14db913de3196333be558fdc177e61708f/glfw-2.10.2-py2.py3-none-manylinux_2_28_x86_64.whl", hash = "sha256:b860de3ca0686182483f98f3ddd12e660acf25b3e0d521450ec9a3f999f72a65", size = 248490, upload-time = "2026-07-21T14:42:32.377Z" },
    { url = "https://files.pythonhosted.org/packages/12/d9/bd2e6c8dbadcf69fcd2289705e75881258b46221c196903a52e9f6e97322/glfw-2.10.2-py2.py3-none-win32.whl", hash = "sha256:a94aefe8c48886fd83cd6e11e936846166a4b5b94abf1f4bf599d984774b0b1b", size = 557654, upload-time = "2026-07-21T14:42:33.903Z" },
    { url = "https://files.pythonhosted.org/packages/e0/6c/4ca5f3ab85a8d7f612ce857208726e9b834e54e559751e3d4f98cc2f7509/glfw-2.10.2-py2.py3-none-win_amd64.whl", hash = "sha256:15fd0666cd8f1b0ecb535c3abb712b8ddda053bf8d16de2353b1c6ced0e65402", size = 564433, upload-time = "2026-07-21T14:42:35.465Z" },
]

[[package]]
name = "iniconfig"
version = "2.3.0"
source = { registry = "https://pypi.org/simple" }
sdist = { url = "https://files.pythonhosted.org/packages/72/34/14ca021ce8e5dfedc35312d08ba8bf51fdd999c576889fc2c24cb97f4f10/iniconfig-2.3.0.tar.gz", hash = "sha256:c76315c77db068650d49c5b56314774a7804df16fee4402c1f19d6d15d8c4730", size = 20503, upload-time = "2025-10-18T21:55:43.219Z" }
wheels = [
    { url = "https://files.pythonhosted.org/packages/cb/b1/3846dd7f199d53cb17f49cba7e651e9ce294d8497c8c150530ed11865bb8/iniconfig-2.3.0-py3-none-any.whl", hash = "sha256:f631c04d2c48c52b84d0d0549c99ff3859c98df65b3101406327ecc7d53fbf12", size = 7484, upload-time = "2025-10-18T21:55:41.639Z" },
]

[[package]]
name = "mujoco"
version = "3.10.0"
source = { registry = "https://pypi.org/simple" }
dependencies = [
    { name = "absl-py" },
    { name = "etils", extra = ["epath"] },
    { name = "glfw" },
    { name = "numpy" },
    { name = "pyopengl" },
]
sdist = { url = "https://files.pythonhosted.org/packages/a2/3b/c76837b7fdb007f7605ff783689a0bd23a5a49b065928bec2f1fa7ea3d67/mujoco-3.10.0.tar.gz", hash = "sha256:c9e8d5d87d82204ed5bccc87d843c0a53e75aaf381de2938ec46d04f1ac6e24e", size = 1094987, upload-time = "2026-06-22T17:40:59.904Z" }
wheels = [
    { url = "https://files.pythonhosted.org/packages/45/bd/c3a4ad6884e60bbbff3d77df75358570bcf9b97ff8d81a0ea3b311b0276e/mujoco-3.10.0-cp311-cp311-macosx_10_16_x86_64.whl", hash = "sha256:62b7e9faf714f1582e1dd923ba3ea769a939cc572f6d77909752cbb31db5409f", size = 7758349, upload-time = "2026-06-22T17:40:02.329Z" },
    { url = "https://files.pythonhosted.org/packages/41/69/4c55c05fe602d72be5526d911e6802de1e67ad70c9301f556eef1d78a4bb/mujoco-3.10.0-cp311-cp311-macosx_11_0_arm64.whl", hash = "sha256:0b812e0e36e8b2dde8ce4ad9b25e189b658b9c94f5e798aa64783261abb88321", size = 19348907, upload-time = "2026-06-22T17:40:04.634Z" },
    { url = "https://files.pythonhosted.org/packages/05/19/a8a560f29f7f0137da6d41d633bc892a9e8ebc36af64c31a3db5882d26d8/mujoco-3.10.0-cp311-cp311-manylinux_2_27_aarch64.manylinux_2_28_aarch64.whl", hash = "sha256:c0eff9fb64c39c21f5e29f39996c152ed9a2a5c783818b524c77abf41f6e5751", size = 19654107, upload-time = "2026-06-22T17:40:07.594Z" },
    { url = "https://files.pythonhosted.org/packages/b1/07/a37fc7fa55d38e9225884b80c3d241e669357e83f7e23f80b8860a7e14cd/mujoco-3.10.0-cp311-cp311-manylinux_2_27_x86_64.manylinux_2_28_x86_64.whl", hash = "sha256:5489e18a8dd09da2dd71d28563e17889a2e5a0ad07943ebcaa1446d6c4d4e1dd", size = 20789312, upload-time = "2026-06-22T17:40:10.656Z" },
    { url = "https://files.pythonhosted.org/packages/82/84/6548d32afc49fb79015a0b98d1119628ce94dd8befb4526c2cd10429e13f/mujoco-3.10.0-cp311-cp311-win_amd64.whl", hash = "sha256:45a27a8982e6f89f09e87e4578a5d3e7c9b5667f3db07052e518993b78c9b3ea", size = 17757305, upload-time = "2026-06-22T17:40:13.448Z" },
]

[[package]]
name = "numpy"
version = "2.4.4"
source = { registry = "https://pypi.org/simple" }
sdist = { url = "https://files.pythonhosted.org/packages/d7/9f/b8cef5bffa569759033adda9481211426f12f53299629b410340795c2514/numpy-2.4.4.tar.gz", hash = "sha256:2d390634c5182175533585cc89f3608a4682ccb173cc9bb940b2881c8d6f8fa0", size = 20731587, upload-time = "2026-03-29T13:22:01.298Z" }
wheels = [
    { url = "https://files.pythonhosted.org/packages/ef/c6/4218570d8c8ecc9704b5157a3348e486e84ef4be0ed3e38218ab473c83d2/numpy-2.4.4-cp311-cp311-macosx_10_9_x86_64.whl", hash = "sha256:f983334aea213c99992053ede6168500e5f086ce74fbc4acc3f2b00f5762e9db", size = 16976799, upload-time = "2026-03-29T13:18:15.438Z" },
    { url = "https://files.pythonhosted.org/packages/dd/92/b4d922c4a5f5dab9ed44e6153908a5c665b71acf183a83b93b690996e39b/numpy-2.4.4-cp311-cp311-macosx_11_0_arm64.whl", hash = "sha256:72944b19f2324114e9dc86a159787333b77874143efcf89a5167ef83cfee8af0", size = 14971552, upload-time = "2026-03-29T13:18:18.606Z" },
    { url = "https://files.pythonhosted.org/packages/8a/dc/df98c095978fa6ee7b9a9387d1d58cbb3d232d0e69ad169a4ce784bde4fd/numpy-2.4.4-cp311-cp311-macosx_14_0_arm64.whl", hash = "sha256:86b6f55f5a352b48d7fbfd2dbc3d5b780b2d79f4d3c121f33eb6efb22e9a2015", size = 5476566, upload-time = "2026-03-29T13:18:21.532Z" },
    { url = "https://files.pythonhosted.org/packages/28/34/b3fdcec6e725409223dd27356bdf5a3c2cc2282e428218ecc9cb7acc9763/numpy-2.4.4-cp311-cp311-macosx_14_0_x86_64.whl", hash = "sha256:ba1f4fc670ed79f876f70082eff4f9583c15fb9a4b89d6188412de4d18ae2f40", size = 6806482, upload-time = "2026-03-29T13:18:23.634Z" },
    { url = "https://files.pythonhosted.org/packages/68/62/63417c13aa35d57bee1337c67446761dc25ea6543130cf868eace6e8157b/numpy-2.4.4-cp311-cp311-manylinux_2_27_aarch64.manylinux_2_28_aarch64.whl", hash = "sha256:8a87ec22c87be071b6bdbd27920b129b94f2fc964358ce38f3822635a3e2e03d", size = 15973376, upload-time = "2026-03-29T13:18:26.677Z" },
    { url = "https://files.pythonhosted.org/packages/cf/c5/9fcb7e0e69cef59cf10c746b84f7d58b08bc66a6b7d459783c5a4f6101a6/numpy-2.4.4-cp311-cp311-manylinux_2_27_x86_64.manylinux_2_28_x86_64.whl", hash = "sha256:df3775294accfdd75f32c74ae39fcba920c9a378a2fc18a12b6820aa8c1fb502", size = 16925137, upload-time = "2026-03-29T13:18:30.14Z" },
    { url = "https://files.pythonhosted.org/packages/7e/43/80020edacb3f84b9efdd1591120a4296462c23fd8db0dde1666f6ef66f13/numpy-2.4.4-cp311-cp311-musllinux_1_2_aarch64.whl", hash = "sha256:0d4e437e295f18ec29bc79daf55e8a47a9113df44d66f702f02a293d93a2d6dd", size = 17329414, upload-time = "2026-03-29T13:18:33.733Z" },
    { url = "https://files.pythonhosted.org/packages/fd/06/af0658593b18a5f73532d377188b964f239eb0894e664a6c12f484472f97/numpy-2.4.4-cp311-cp311-musllinux_1_2_x86_64.whl", hash = "sha256:6aa3236c78803afbcb255045fbef97a9e25a1f6c9888357d205ddc42f4d6eba5", size = 18658397, upload-time = "2026-03-29T13:18:37.511Z" },
    { url = "https://files.pythonhosted.org/packages/e6/ce/13a09ed65f5d0ce5c7dd0669250374c6e379910f97af2c08c57b0608eee4/numpy-2.4.4-cp311-cp311-win32.whl", hash = "sha256:30caa73029a225b2d40d9fae193e008e24b2026b7ee1a867b7ee8d96ca1a448e", size = 6239499, upload-time = "2026-03-29T13:18:40.372Z" },
    { url = "https://files.pythonhosted.org/packages/bd/63/05d193dbb4b5eec1eca73822d80da98b511f8328ad4ae3ca4caf0f4db91d/numpy-2.4.4-cp311-cp311-win_amd64.whl", hash = "sha256:6bbe4eb67390b0a0265a2c25458f6b90a409d5d069f1041e6aff1e27e3d9a79e", size = 12614257, upload-time = "2026-03-29T13:18:42.95Z" },
    { url = "https://files.pythonhosted.org/packages/87/c5/8168052f080c26fa984c413305012be54741c9d0d74abd7fbeeccae3889f/numpy-2.4.4-cp311-cp311-win_arm64.whl", hash = "sha256:fcfe2045fd2e8f3cb0ce9d4ba6dba6333b8fa05bb8a4939c908cd43322d14c7e", size = 10486775, upload-time = "2026-03-29T13:18:45.835Z" },
    { url = "https://files.pythonhosted.org/packages/6b/33/8fae8f964a4f63ed528264ddf25d2b683d0b663e3cba26961eb838a7c1bd/numpy-2.4.4-pp311-pypy311_pp73-macosx_10_15_x86_64.whl", hash = "sha256:58c8b5929fcb8287cbd6f0a3fae19c6e03a5c48402ae792962ac465224a629a4", size = 16854491, upload-time = "2026-03-29T13:21:38.03Z" },
    { url = "https://files.pythonhosted.org/packages/bc/d0/1aabee441380b981cf8cdda3ae7a46aa827d1b5a8cce84d14598bc94d6d9/numpy-2.4.4-pp311-pypy311_pp73-macosx_11_0_arm64.whl", hash = "sha256:eea7ac5d2dce4189771cedb559c738a71512768210dc4e4753b107a2048b3d0e", size = 14895830, upload-time = "2026-03-29T13:21:41.509Z" },
    { url = "https://files.pythonhosted.org/packages/a5/b8/aafb0d1065416894fccf4df6b49ef22b8db045187949545bced89c034b8e/numpy-2.4.4-pp311-pypy311_pp73-macosx_14_0_arm64.whl", hash = "sha256:51fc224f7ca4d92656d5a5eb315f12eb5fe2c97a66249aa7b5f562528a3be38c", size = 5400927, upload-time = "2026-03-29T13:21:44.747Z" },
    { url = "https://files.pythonhosted.org/packages/d6/77/063baa20b08b431038c7f9ff5435540c7b7265c78cf56012a483019ca72d/numpy-2.4.4-pp311-pypy311_pp73-macosx_14_0_x86_64.whl", hash = "sha256:28a650663f7314afc3e6ec620f44f333c386aad9f6fc472030865dc0ebb26ee3", size = 6715557, upload-time = "2026-03-29T13:21:47.406Z" },
    { url = "https://files.pythonhosted.org/packages/c7/a8/379542d45a14f149444c5c4c4e7714707239ce9cc1de8c2803958889da14/numpy-2.4.4-pp311-pypy311_pp73-manylinux_2_27_aarch64.manylinux_2_28_aarch64.whl", hash = "sha256:19710a9ca9992d7174e9c52f643d4272dcd1558c5f7af7f6f8190f633bd651a7", size = 15804253, upload-time = "2026-03-29T13:21:50.753Z" },
    { url = "https://files.pythonhosted.org/packages/a2/c8/f0a45426d6d21e7ea3310a15cf90c43a14d9232c31a837702dba437f3373/numpy-2.4.4-pp311-pypy311_pp73-manylinux_2_27_x86_64.manylinux_2_28_x86_64.whl", hash = "sha256:9b2aec6af35c113b05695ebb5749a787acd63cafc83086a05771d1e1cd1e555f", size = 16753552, upload-time = "2026-03-29T13:21:54.344Z" },
    { url = "https://files.pythonhosted.org/packages/04/74/f4c001f4714c3ad9ce037e18cf2b9c64871a84951eaa0baf683a9ca9301c/numpy-2.4.4-pp311-pypy311_pp73-win_amd64.whl", hash = "sha256:f2cf083b324a467e1ab358c105f6cad5ea950f50524668a80c486ff1db24e119", size = 12509075, upload-time = "2026-03-29T13:21:57.644Z" },
]

[[package]]
name = "openarm-sim-mujoco-tests"
version = "0.1.0"
source = { virtual = "." }
dependencies = [
    { name = "mujoco" },
    { name = "numpy" },
    { name = "pyjson5" },
]

[package.dev-dependencies]
dev = [
    { name = "pytest" },
]

[package.metadata]
requires-dist = [
    { name = "mujoco", specifier = "==3.10.0" },
    { name = "numpy", specifier = "==2.4.4" },
    { name = "pyjson5", specifier = "==2.0.0" },
]

[package.metadata.requires-dev]
dev = [{ name = "pytest", specifier = ">=8" }]

[[package]]
name = "packaging"
version = "26.3"
source = { registry = "https://pypi.org/simple" }
sdist = { url = "https://files.pythonhosted.org/packages/7d/fa/3944b40b07da9ce895c0e6303a5ab7d53da063554f534556b134a54d6093/packaging-26.3.tar.gz", hash = "sha256:94edc256424af38762eb31306eed28beb9f0efc50a8837492c9d6fd6004aed79", size = 313412, upload-time = "2026-08-04T18:15:28.737Z" }
wheels = [
    { url = "https://files.pythonhosted.org/packages/63/34/ba1c580383c9eada3711951fef0795c80b829a078d72188184bcab9dd527/packaging-26.3-py3-none-any.whl", hash = "sha256:d7193f7c8e4e93f444fde0262bf90af30e16fa0ad0ad44cb553c87339b23cd1c", size = 129956, upload-time = "2026-08-04T18:15:27.159Z" },
]

[[package]]
name = "pluggy"
version = "1.6.0"
source = { registry = "https://pypi.org/simple" }
sdist = { url = "https://files.pythonhosted.org/packages/f9/e2/3e91f31a7d2b083fe6ef3fa267035b518369d9511ffab804f839851d2779/pluggy-1.6.0.tar.gz", hash = "sha256:7dcc130b76258d33b90f61b658791dede3486c3e6bfb003ee5c9bfb396dd22f3", size = 69412, upload-time = "2025-05-15T12:30:07.975Z" }
wheels = [
    { url = "https://files.pythonhosted.org/packages/54/20/4d324d65cc6d9205fabedc306948156824eb9f0ee1633355a8f7ec5c66bf/pluggy-1.6.0-py3-none-any.whl", hash = "sha256:e920276dd6813095e9377c0bc5566d94c932c33b27a3e3945d8389c374dd4746", size = 20538, upload-time = "2025-05-15T12:30:06.134Z" },
]

[[package]]
name = "pygments"
version = "2.21.0"
source = { registry = "https://pypi.org/simple" }
sdist = { url = "https://files.pythonhosted.org/packages/49/2e/ced460408999b33da6b31b0021b0f37d329e202d4169aeb164493778f25b/pygments-2.21.0.tar.gz", hash = "sha256:610ca751c9bc2492b38eb9a38a7fbc93edbbb2d7182edaf34e66ae493dee5c8c", size = 5005329, upload-time = "2026-08-17T08:02:48.824Z" }
wheels = [
    { url = "https://files.pythonhosted.org/packages/71/46/17f022dd3e953bf20a04a028a21ec746d942f8d2af30fa0f124fa0e6a684/pygments-2.21.0-py3-none-any.whl", hash = "sha256:2363c69b61c4a97c838da3b130dcd6468f4848992b21a82f2a63ec34377137d9", size = 1250147, upload-time = "2026-08-17T08:02:44.912Z" },
]

[[package]]
name = "pyjson5"
version = "2.0.0"
source = { registry = "https://pypi.org/simple" }
sdist = { url = "https://files.pythonhosted.org/packages/6e/d9/005aaaf5077cde946282b22da9404965477fb140fa6836b52d2e0955a391/pyjson5-2.0.0.tar.gz", hash = "sha256:7ccc98586cf87dfeadfa76de8df4c9cb0c3d21d1b559e28812dd9633748d6e25", size = 305865, upload-time = "2025-10-02T00:23:02.154Z" }
wheels = [
    { url = "https://files.pythonhosted.org/packages/c2/2b/2cb73dba9ffeabd91d67577f5fc7fa67040eae6876c632214145893844da/pyjson5-2.0.0-cp311-cp311-macosx_10_9_universal2.whl", hash = "sha256:1e6870507311765249f6cb533d8d53e0c9b1837f2e1b0b2ba7825181bd980a48", size = 299572, upload-time = "2025-10-02T00:19:18.448Z" },
    { url = "https://files.pythonhosted.org/packages/e1/1b/ebf7d13d57fffccb2d5b7bbf609800ccf8ff09678a8a7ae6c0764b04b1c8/pyjson5-2.0.0-cp311-cp311-macosx_10_9_x86_64.whl", hash = "sha256:68f931934d736bfd0d9d9c666b9495a10807821c44a7c58069b2f6a12ceb47ae", size = 157385, upload-time = "2025-10-02T00:19:19.905Z" },
    { url = "https://files.pythonhosted.org/packages/29/7c/eb6fcb6e94075bea4ab56c50d1bfb8a66d43fdc2fb67001181928dd7ddb1/pyjson5-2.0.0-cp311-cp311-macosx_11_0_arm64.whl", hash = "sha256:47eda4d30024bfa8074a6f17145e55e60cf74a43215db99685fe6998cd0130aa", size = 151838, upload-time = "2025-10-02T00:19:20.91Z" },
    { url = "https://files.pythonhosted.org/packages/c2/7c/478456b8683bc3d964cf1ca060188b1d4bc03d01548d1449d033542aee91/pyjson5-2.0.0-cp311-cp311-manylinux1_i686.manylinux_2_28_i686.manylinux_2_5_i686.whl", hash = "sha256:5cc27c08bf33c7be0622ada8ff6dc7aa203287d1e585e343e90d2f2c19f31977", size = 192102, upload-time = "2025-10-02T00:19:22.238Z" },
    { url = "https://files.pythonhosted.org/packages/0f/17/bce2b2641aa140c761807d50cf30a7e09c53d0bd8737bf63dada0e8613f4/pyjson5-2.0.0-cp311-cp311-manylinux2014_aarch64.manylinux_2_17_aarch64.manylinux_2_28_aarch64.whl", hash = "sha256:b3af072ff4cb1046c17d6108fd01f4c39519c95e8aa5b2084fd6fea57379eafc", size = 176766, upload-time = "2025-10-02T00:19:23.181Z" },
    { url = "https://files.pythonhosted.org/packages/30/61/7e51cd104e4514edd21b6e0c7e841da14ba80d3372d028b62719d8cb3f9e/pyjson5-2.0.0-cp311-cp311-manylinux2014_armv7l.manylinux_2_17_armv7l.manylinux_2_31_armv7l.whl", hash = "sha256:eec8b9067aa041a177a07596c8e800e7616e5ad87ce97836c3489f977231dc1a", size = 170313, upload-time = "2025-10-02T00:19:24.602Z" },
    { url = "https://files.pythonhosted.org/packages/7e/7e/2398eeffafc924809d4a708588f7f697398ca095b6c399849bfd0867780a/pyjson5-2.0.0-cp311-cp311-manylinux2014_ppc64le.manylinux_2_17_ppc64le.manylinux_2_28_ppc64le.whl", hash = "sha256:e91417ead40a468698d0eb6654685986c03afc53290b8dd58d51f28803451506", size = 196097, upload-time = "2025-10-02T00:19:25.536Z" },
    { url = "https://files.pythonhosted.org/packages/98/70/550d7d634e46a71bf00b93ec2c4a8a7d63f9629e1a5117cbf249995c0e3a/pyjson5-2.0.0-cp311-cp311-manylinux2014_s390x.manylinux_2_17_s390x.manylinux_2_28_s390x.whl", hash = "sha256:023466521ce06f314979589fcd7fa01cdcff4d7a0cd32d1545ca0d566bca7761", size = 198474, upload-time = "2025-10-02T00:19:26.495Z" },
    { url = "https://files.pythonhosted.org/packages/0f/3c/e4ef8f3ef83254de96aba69f24fa613bc1277cf34802c6b4e82cc311121f/pyjson5-2.0.0-cp311-cp311-manylinux2014_x86_64.manylinux_2_17_x86_64.manylinux_2_28_x86_64.whl", hash = "sha256:913488fb34610b900bef4244bf99d8585b3d1431a7ba28d9538fb6b3bc34150c", size = 186299, upload-time = "2025-10-02T00:19:27.525Z" },
    { url = "https://files.pythonhosted.org/packages/e7/35/60c473c7970e4239149e7e4dcf7b10ca8712779e47be47b9d9fd076e54ea/pyjson5-2.0.0-cp311-cp311-manylinux_2_31_riscv64.manylinux_2_39_riscv64.whl", hash = "sha256:e25ca44bcb3ce47938d739c5b2bbecdefca919132b7f46a3f57a6d06a38c02f0", size = 185624, upload-time = "2025-10-02T00:19:28.532Z" },
    { url = "https://files.pythonhosted.org/packages/b5/15/876e53cc43c98ff036c05c90fa8a9ccbf704478a69ffc6efe2c9f898bf77/pyjson5-2.0.0-cp311-cp311-musllinux_1_2_aarch64.whl", hash = "sha256:c3192eaf57cd17c367dd1726354e992c10dfb810b4c2b87284f55f00840b2245", size = 1158339, upload-time = "2025-10-02T00:19:30.089Z" },
    { url = "https://files.pythonhosted.org/packages/82/57/2ef4f05a29c04ae1beceae2739b3428bca064f963758284b1633fccc5190/pyjson5-2.0.0-cp311-cp311-musllinux_1_2_armv7l.whl", hash = "sha256:6ecc3f3216aa9795a80836a1f206fc87c4d2d71f0d90228ff10f1f55b16f72c2", size = 1013974, upload-time = "2025-10-02T00:19:31.486Z" },
    { url = "https://files.pythonhosted.org/packages/fb/9a/28b8655c6c6715e15c20ab98574a793f6b3435badd0ddf67ba3ea1bd420c/pyjson5-2.0.0-cp311-cp311-musllinux_1_2_i686.whl", hash = "sha256:0e9f21938060afe6f6cd64e76f2f4849c22a7aa61ee794e9885b0a760064deb4", size = 1329463, upload-time = "2025-10-02T00:19:32.824Z" },
    { url = "https://files.pythonhosted.org/packages/6a/6a/e427b03a02ff45cc7432a7d1e16066512321f643457039c2b955449f4148/pyjson5-2.0.0-cp311-cp311-musllinux_1_2_ppc64le.whl", hash = "sha256:78133797816d47780b25a1cf55e66ee9cd3e00a9e3abae66040fb975c39b1d23", size = 1255206, upload-time = "2025-10-02T00:19:34.778Z" },
    { url = "https://files.pythonhosted.org/packages/28/2b/d2b4a3137842de3ba66195fa5e3da96ac8c93790c77a8d76b1d30245b327/pyjson5-2.0.0-cp311-cp311-musllinux_1_2_riscv64.whl", hash = "sha256:19d7dfb9d5d32839e1b77506c6b8023f83c72f531e2d6248400ca832efdb2349", size = 1190884, upload-time = "2025-10-02T00:19:36.24Z" },
    { url = "https://files.pythonhosted.org/packages/7c/6a/e590e10b7e9f145d0e7b02fde0b0b3ffec45998fc7d454e5c64f98aff6d5/pyjson5-2.0.0-cp311-cp311-musllinux_1_2_s390x.whl", hash = "sha256:95012228c10803512f515e70af06ec11a8621ce3742226ba507ebf6e91020d8d", size = 1367769, upload-time = "2025-10-02T00:19:37.74Z" },
    { url = "https://files.pythonhosted.org/packages/df/3b/705305653470ef31f177ba8f70df6d5d85858e2f2bf3df7624a1c454b7cb/pyjson5-2.0.0-cp311-cp311-musllinux_1_2_x86_64.whl", hash = "sha256:4facf0fc1bcdd7d57308bbc3dfa2ad0498c8e4d76672c35f1e7976f02d3f7df8", size = 1219001, upload-time = "2025-10-02T00:19:39.586Z" },
    { url = "https://files.pythonhosted.org/packages/ca/b9/1a072afcfba936d3dabc9db08d18ca3aec03b82002be7b1d6d781019b317/pyjson5-2.0.0-cp311-cp311-win32.whl", hash = "sha256:6fb1bba20ebd3a0b26bca5ee906757a9d82652ca31730d40cd921b88245ec780", size = 114294, upload-time = "2025-10-02T00:19:41.05Z" },
    { url = "https://files.pythonhosted.org/packages/28/4d/303b9ad667d7440cfd4a45c75408cb868281b60864b917b285aba668a6f3/pyjson5-2.0.0-cp311-cp311-win_amd64.whl", hash = "sha256:58b17386a96a308c8295e2c2a82526aefaa33ed2abaff84a916f90484b047cc4", size = 134665, upload-time = "2025-10-02T00:19:41.972Z" },
    { url = "https://files.pythonhosted.org/packages/8a/eb/29d8d48730b1ad0a6b3762190dd2c3f43c39f4f89e20be1b8c0015b24246/pyjson5-2.0.0-cp311-cp311-win_arm64.whl", hash = "sha256:4f4cde947ea68da7df8fb91b682491bcc0b916e3adb942febe866703853d8301", size = 117666, upload-time = "2025-10-02T00:19:42.861Z" },
]

[[package]]
name = "pyopengl"
version = "3.1.10"
source = { registry = "https://pypi.org/simple" }
sdist = { url = "https://files.pythonhosted.org/packages/6f/16/912b7225d56284859cd9a672827f18be43f8012f8b7b932bc4bd959a298e/pyopengl-3.1.10.tar.gz", hash = "sha256:c4a02d6866b54eb119c8e9b3fb04fa835a95ab802dd96607ab4cdb0012df8335", size = 1915580, upload-time = "2025-08-18T02:33:01.76Z" }
wheels = [
    { url = "https://files.pythonhosted.org/packages/de/e4/1ba6f44e491c4eece978685230dde56b14d51a0365bc1b774ddaa94d14cd/pyopengl-3.1.10-py3-none-any.whl", hash = "sha256:794a943daced39300879e4e47bd94525280685f42dbb5a998d336cfff151d74f", size = 3194996, upload-time = "2025-08-18T02:32:59.902Z" },
]

[[package]]
name = "pytest"
version = "9.1.1"
source = { registry = "https://pypi.org/simple" }
dependencies = [
    { name = "colorama", marker = "sys_platform == 'win32'" },
    { name = "iniconfig" },
    { name = "packaging" },
    { name = "pluggy" },
    { name = "pygments" },
]
sdist = { url = "https://files.pythonhosted.org/packages/e4/47/b9efed96c114afcfa3c9d3fe98a76a1d14c74a9e266d397cf6eb64be5e01/pytest-9.1.1.tar.gz", hash = "sha256:1088fbde8f2b49d95a549a195707afa7a76a3ce9bcadc26b6d71f0ffda5fe313", size = 1636369, upload-time = "2026-06-19T10:58:32.857Z" }
wheels = [
    { url = "https://files.pythonhosted.org/packages/24/25/1de2678b631f5a49215c6c96fff41ba892b0a34df68d6d80292b1b48aa7f/pytest-9.1.1-py3-none-any.whl", hash = "sha256:37a86b45efb9a47a61a36449063e8e18d0cab3161329fc099eb21783169c4f0c", size = 386536, upload-time = "2026-06-19T10:58:31.347Z" },
]

[[package]]
name = "typing-extensions"
version = "4.16.0"
source = { registry = "https://pypi.org/simple" }
sdist = { url = "https://files.pythonhosted.org/packages/f6/cc/6253133b5bb138fc3306cebfbda2c520f545d36b5be2c7255cc528bb45d6/typing_extensions-4.16.0.tar.gz", hash = "sha256:dc983d19a509c94dba722ee6abd33940f7c05a89e243c47e907eb4db6f1a43e5", size = 113555, upload-time = "2026-07-02T08:40:05.92Z" }
wheels = [
    { url = "https://files.pythonhosted.org/packages/49/d3/b8441a820a491ddfc024b0b0cf0393375b75ea13866d9c66727e54c2fc80/typing_extensions-4.16.0-py3-none-any.whl", hash = "sha256:481caa481374e813c1b176ada14e97f1f67a4539ce9cfeb3f350d78d6370c2e8", size = 45571, upload-time = "2026-07-02T08:40:04.659Z" },
]

[[package]]
name = "zipp"
version = "4.1.0"
source = { registry = "https://pypi.org/simple" }
sdist = { url = "https://files.pythonhosted.org/packages/b9/d8/eab98a517c14134c0b2eb4e2387bc5f457334293ec5d2dd3857ec2966802/zipp-4.1.0.tar.gz", hash = "sha256:4cb57381f544315db7688e976e922a2b18cdb513d21cc194eb42232ba2a3e602", size = 26214, upload-time = "2026-05-18T20:08:57.967Z" }
wheels = [
    { url = "https://files.pythonhosted.org/packages/3a/13/547360d81e6d88d58492968ffda9f9542854f11310ee556fef14260cc886/zipp-4.1.0-py3-none-any.whl", hash = "sha256:25ad4e16390cd314347dd8f1de67a2ac538ae658ed4ab9db16029c07c188e97f", size = 10238, upload-time = "2026-05-18T20:08:57.045Z" },
]
