version = 1
revision = 3
requires-python = "==3.13.*"

[[package]]
name = "jinja2"
version = "3.1.6"
source = { registry = "https://pypi.org/simple" }
dependencies = [
    { name = "markupsafe" },
]
sdist = { url = "https://files.pythonhosted.org/packages/df/bf/f7da0350254c0ed7c72f3e33cef02e048281fec7ecec5f032d4aac52226b/jinja2-3.1.6.tar.gz", hash = "sha256:0137fb05990d35f1275a587e9aee6d56da821fc83491a0fb838183be43f66d6d", size = 245115, upload-time = "2025-03-05T20:05:02.478Z" }
wheels = [
    { url = "https://files.pythonhosted.org/packages/62/a1/3d680cbfd5f4b8f15abc1d571870c5fc3e594bb582bc3b64ea099db13e56/jinja2-3.1.6-py3-none-any.whl", hash = "sha256:85ece4451f492d0c13c5dd7c13a64681a86afae63a5f347908daf103ce6d2f67", size = 134899, upload-time = "2025-03-05T20:05:00.369Z" },
]

[[package]]
name = "markupsafe"
version = "3.0.4"
source = { registry = "https://pypi.org/simple" }
sdist = { url = "https://files.pythonhosted.org/packages/38/9b/e422a865e1d5d57d0e509b4e0bf1c1a70a7f6382c29a5aa428df994c8bc8/markupsafe-3.0.4.tar.gz", hash = "sha256:2e9ad7dd851bf45fab9f75cbff4cb493fee9979e8d8c7c9c3ee119022518edd6", size = 153777, upload-time = "2026-10-02T23:07:22.29Z" }
wheels = [
    { url = "https://files.pythonhosted.org/packages/6d/18/4bc5ba32499e87bb2b0ef5b3a9bb9c00a131fa961ddf0be548cb550f548b/markupsafe-3.0.4-cp313-cp313-android_24_arm64_v8a.whl", hash = "sha256:de8b364c423ef0a4bad9069657d617f9a5d2b2062457a89b1fa16ee199c399c1", size = 12786, upload-time = "2026-10-02T23:05:08.709Z" },
    { url = "https://files.pythonhosted.org/packages/4e/6f/17f0c099bf25f3e31e63cc19244d9f6af861a9a4ab778c203997903cfdd0/markupsafe-3.0.4-cp313-cp313-android_24_x86_64.whl", hash = "sha256:34bdde374c5932765d7dc685c4a1d191a3207852d67e8e0a9eb6ea85156181f1", size = 12510, upload-time = "2026-10-02T23:05:09.93Z" },
    { url = "https://files.pythonhosted.org/packages/11/af/1a141081b905036ee904ec4bd945e1f70b4e1b32d33c4e59e8cf1d58b247/markupsafe-3.0.4-cp313-cp313-ios_13_0_arm64_iphoneos.whl", hash = "sha256:6bd9e1788e15bfcf6a9082de42e30387e7b85d211ab21e57a939bb8cfaaf8d96", size = 11583, upload-time = "2026-10-02T23:05:10.884Z" },
    { url = "https://files.pythonhosted.org/packages/e7/0a/a89385ae590232622a03e091805cff12f24fabe6c11e0e8bae096cece81c/markupsafe-3.0.4-cp313-cp313-ios_13_0_arm64_iphonesimulator.whl", hash = "sha256:5066b244f576f91afc8ee3ba029a89f99d39c79b1853fe9d39bea9f0afbec148", size = 11801, upload-time = "2026-10-02T23:05:11.913Z" },
    { url = "https://files.pythonhosted.org/packages/ed/85/ea548dc013962eb73653124bc595635fbf9e0fa41d1f181a967ccb784dfb/markupsafe-3.0.4-cp313-cp313-ios_13_0_x86_64_iphonesimulator.whl", hash = "sha256:7a83aa6e4805df46fed18e989d3d16f86ef60cb50bbc8d9ce3a6be89165fbf6e", size = 11443, upload-time = "2026-10-02T23:05:12.887Z" },
    { url = "https://files.pythonhosted.org/packages/cc/72/15f2e5ec9cf2eb00d5cdfe968d94e4156a7bd7303832c3f3b2c403a36839/markupsafe-3.0.4-cp313-cp313-macosx_10_13_x86_64.whl", hash = "sha256:2d1b7d9308288661f56672b1b157d75fc536714d3638487bbea17b6318a78248", size = 11665, upload-time = "2026-10-02T23:05:13.829Z" },
    { url = "https://files.pythonhosted.org/packages/ca/e0/4030bea613677e333c8a2c901fd405055f657f9d06acba5b7357984b6ef7/markupsafe-3.0.4-cp313-cp313-macosx_11_0_arm64.whl", hash = "sha256:73e77980c7207854f00fc4e71fb1626868d5740ab4012623d55c7a99ad122a72", size = 12061, upload-time = "2026-10-02T23:05:14.807Z" },
    { url = "https://files.pythonhosted.org/packages/f3/a5/28b76a7449eb702966b88bef599e2360b411fbb3afeee8fe560939be06ec/markupsafe-3.0.4-cp313-cp313-manylinux2014_aarch64.manylinux_2_17_aarch64.manylinux_2_28_aarch64.whl", hash = "sha256:7018d4af1cd272e847aa5917983ab5e83e4f6579f9dbfecd4a79c0ca80b144c2", size = 24395, upload-time = "2026-10-02T23:05:15.909Z" },
    { url = "https://files.pythonhosted.org/packages/07/6c/21232811afc3a063b5e934b1ae2efda52f46154ec382f585149c020e61fe/markupsafe-3.0.4-cp313-cp313-manylinux2014_armv7l.manylinux_2_17_armv7l.manylinux_2_31_armv7l.whl", hash = "sha256:c90d5b3d4e944e065a301d741b3c1d784f6bd1f503aa68b4967e32b2ba313d85", size = 27183, upload-time = "2026-10-02T23:05:16.976Z" },
    { url = "https://files.pythonhosted.org/packages/14/38/6ccdfa5b59049cb36fb80cbc80aee9cf1fc9bb77d1335ad435f2070b08cf/markupsafe-3.0.4-cp313-cp313-manylinux2014_ppc64le.manylinux_2_17_ppc64le.manylinux_2_28_ppc64le.whl", hash = "sha256:18a801868a884f216e784d7d14db2a4077143ce7610440aee2ce8f734e7cfcde", size = 24772, upload-time = "2026-10-02T23:05:18.209Z" },
    { url = "https://files.pythonhosted.org/packages/63/e0/cec6865dfe88cb48fedd4b20aed6af5158e41092adcbf3e028bcc6ec2108/markupsafe-3.0.4-cp313-cp313-manylinux2014_x86_64.manylinux_2_17_x86_64.manylinux_2_28_x86_64.whl", hash = "sha256:434139499bb20b502ed3baa1f169e618f924a97e7a777fea1a49446d80106cf6", size = 23017, upload-time = "2026-10-02T23:05:19.286Z" },
    { url = "https://files.pythonhosted.org/packages/ee/76/6ed4940bb7648a9aac457c14f870cfdd5105f139a0fb1f29cd61fafa47d1/markupsafe-3.0.4-cp313-cp313-manylinux_2_31_riscv64.manylinux_2_39_riscv64.whl", hash = "sha256:9e227f3dbe6bde7491cf0a9965d00b88c6b1a4a95d11480ddf88bb96d397c19f", size = 22036, upload-time = "2026-10-02T23:05:20.352Z" },
    { url = "https://files.pythonhosted.org/packages/a1/4f/ed476226d4fe46a09090a36025bf319296810028df55eb12f1253b540f3a/markupsafe-3.0.4-cp313-cp313-musllinux_1_2_aarch64.whl", hash = "sha256:b8cd1f918b26fd7b1832ece557cc18f2d8747309ff8b3f0ef9d4250c5ad67a39", size = 23786, upload-time = "2026-10-02T23:05:21.576Z" },
    { url = "https://files.pythonhosted.org/packages/9a/35/66ff30450e35ef5fba9ebc930c9411747e537fd9447b65e44f5007e2b84d/markupsafe-3.0.4-cp313-cp313-musllinux_1_2_armv7l.whl", hash = "sha256:a5fcffb37e602b0b3c1638a97746b9b96125caa9bcf6fa41d337a9261de231ee", size = 22672, upload-time = "2026-10-02T23:05:22.922Z" },
    { url = "https://files.pythonhosted.org/packages/32/0b/72f45ce4b4efcbca4b80cf1b06703eff0be8d37e82abb78f66c85a7ead1e/markupsafe-3.0.4-cp313-cp313-musllinux_1_2_ppc64le.whl", hash = "sha256:5989cb26b2e1efc6a42216a9f6b5ee495ce5ace2e5b352a9af489976b32d1ee2", size = 24107, upload-time = "2026-10-02T23:05:24.175Z" },
    { url = "https://files.pythonhosted.org/packages/d2/03/71776e5fdcba04614b384cc102e8a4198208579d896fd1394cb7cb9aa900/markupsafe-3.0.4-cp313-cp313-musllinux_1_2_riscv64.whl", hash = "sha256:add96447a86d205ab616665d53b2950ee81083757f56e6ea833c8b2917646b46", size = 21615, upload-time = "2026-10-02T23:05:25.215Z" },
    { url = "https://files.pythonhosted.org/packages/ab/5f/801ce02a02e7aee0f784b1ec7843026178f6adeb9c93ac67eb1992a9a84d/markupsafe-3.0.4-cp313-cp313-musllinux_1_2_x86_64.whl", hash = "sha256:2628d3a8cb648ecebb3c5d6b0a1052d400e4d8b7ac0fb786be8d285b50040d17", size = 23076, upload-time = "2026-10-02T23:05:26.423Z" },
    { url = "https://files.pythonhosted.org/packages/4a/85/c43776625428f3bb4a61e8633940400e3efe6409e3c6f5bff26de5e45618/markupsafe-3.0.4-cp313-cp313-win32.whl", hash = "sha256:672d207103e6b16ca098611b0f9efad6bc00afd47c03d6ef62186495ca677dc0", size = 14118, upload-time = "2026-10-02T23:05:27.716Z" },
    { url = "https://files.pythonhosted.org/packages/6f/36/163da64de88a13db79214ef75fa041be7fa13bdb42261cf5b7484de14bfb/markupsafe-3.0.4-cp313-cp313-win_amd64.whl", hash = "sha256:1f1f9477e174582b0a1b583d60b66e1f2cf5d3fe12cee985e4aedf44766600e5", size = 14313, upload-time = "2026-10-02T23:05:28.749Z" },
    { url = "https://files.pythonhosted.org/packages/9f/a8/9b662783ffaa1149221432a923cee562f78b9cbbb8baa3df9b3753e63e1e/markupsafe-3.0.4-cp313-cp313-win_arm64.whl", hash = "sha256:06de8ef6331f6e822c28d577dc8bf43fe398800477c49498f38fc38b67ff33fc", size = 14189, upload-time = "2026-10-02T23:05:29.917Z" },
]

[[package]]
name = "peppygen"
version = "0.1.0"
source = { directory = ".peppy/libs/peppygen" }
dependencies = [
    { name = "peppylib" },
    { name = "pycapnp" },
]

[package.metadata]
requires-dist = [
    { name = "peppylib", specifier = "==0.0.1+peppy" },
    { name = "pycapnp" },
]

[[package]]
name = "peppylib"
version = "0.0.1+peppy"
source = { directory = ".peppy/libs/peppylib" }

[[package]]
name = "pycapnp"
version = "2.2.4"
source = { registry = "https://pypi.org/simple" }
dependencies = [
    { name = "jinja2" },
]
sdist = { url = "https://files.pythonhosted.org/packages/a1/b6/de6176fd9d0a16b2ca03f1f6dfea391ef64222a394dc135c2f7bac2347fa/pycapnp-2.2.4.tar.gz", hash = "sha256:a598bd3952de76a803a53b845c8c300828338b949946d49f8af716328cda0a1a", size = 738820, upload-time = "2026-07-03T22:47:39.836Z" }
wheels = [
    { url = "https://files.pythonhosted.org/packages/25/f2/3ed6394e3df3cf1b85168fd57d75a7bcfc2f9d494689fa32b0d7ea9b6691/pycapnp-2.2.4-cp313-cp313-macosx_10_13_x86_64.whl", hash = "sha256:f001ec86321ee9e6a8f86ff03fbd76e0de2d1d0518e83f3901cb5b7111d9460c", size = 2239899, upload-time = "2026-07-03T22:45:59.726Z" },
    { url = "https://files.pythonhosted.org/packages/a7/2c/4349dbce7e7068b1ccb297ef9a645cff08f213a3e30a6d397a8f6326e12e/pycapnp-2.2.4-cp313-cp313-macosx_11_0_arm64.whl", hash = "sha256:b513e7ba63b8d2a4832d3dc1d683bfbb28df1e34d79eabbbbaf08ba058fb9afb", size = 2119621, upload-time = "2026-07-03T22:46:01.091Z" },
    { url = "https://files.pythonhosted.org/packages/95/5c/601967f085c26f3cc5293841c2b2755ef51782a8cbc6ec72cb5a2cf92d71/pycapnp-2.2.4-cp313-cp313-manylinux_2_28_aarch64.whl", hash = "sha256:27db8ec75f252337612db30af95a0e12a0a20afdb9ae4f51c7086dea1e626f77", size = 5842938, upload-time = "2026-07-03T22:46:02.605Z" },
    { url = "https://files.pythonhosted.org/packages/9d/ee/8369fe8116ff09d61fa8065502f043d55937ee3512a04e393eb641e2931f/pycapnp-2.2.4-cp313-cp313-manylinux_2_28_i686.whl", hash = "sha256:b6f2f09684b96dbd909423b83b3623c61bad40f88ab834470c7347e444f143bc", size = 5878205, upload-time = "2026-07-03T22:46:04.693Z" },
    { url = "https://files.pythonhosted.org/packages/f2/21/92c8e94fe29587eb54bf8bd47ab21bfd5e92a633205a8fed1608fab380f3/pycapnp-2.2.4-cp313-cp313-manylinux_2_28_ppc64le.whl", hash = "sha256:c270456d650c7bd19654b6edd171bbda0e4de76d3c243be1661e6ef643c3278a", size = 6198045, upload-time = "2026-07-03T22:46:06.77Z" },
    { url = "https://files.pythonhosted.org/packages/2b/e8/d1ebb880fd7860b09c7fc4962f5f941dc14e8cc8b8d124684e9c46bc3808/pycapnp-2.2.4-cp313-cp313-manylinux_2_28_s390x.whl", hash = "sha256:ddb3a39941af3bb23ca598f1f9e43246e7e212937c53ba3cc4b5dcfb7419fe56", size = 6252408, upload-time = "2026-07-03T22:46:08.68Z" },
    { url = "https://files.pythonhosted.org/packages/6f/20/0745b69c093e8d315bc72443c13e46b47838f8a0d8bf05f7453273b74e5d/pycapnp-2.2.4-cp313-cp313-manylinux_2_28_x86_64.whl", hash = "sha256:3d5444575a2f9c2f1cf50c99ef08d9a76dde47a3a13fdf02909fe6c6e1b69901", size = 6031858, upload-time = "2026-07-03T22:46:10.56Z" },
    { url = "https://files.pythonhosted.org/packages/48/45/a950f5687699f1a98a6d9826f3fec16eb8fdf9c8254f67afb9c98b0ff10b/pycapnp-2.2.4-cp313-cp313-musllinux_1_2_aarch64.whl", hash = "sha256:181326bf648a65398eeb9144aa8c55dbc0b8c58c7991d3f91fa60275591648e1", size = 6711798, upload-time = "2026-07-03T22:46:12.193Z" },
    { url = "https://files.pythonhosted.org/packages/ac/19/71ac1b2bb54ef67e21b0d8254030a950fd2c998aacb4ae5d9583127ede84/pycapnp-2.2.4-cp313-cp313-musllinux_1_2_i686.whl", hash = "sha256:11eb14153884d19771aa7e92e8601d084e6655cacfcae1441c165953d2b8ce3b", size = 7011127, upload-time = "2026-07-03T22:46:13.928Z" },
    { url = "https://files.pythonhosted.org/packages/ee/06/bb996d95aa984a6b3896c8f953d2e334954d6ce441fe07360945567f0671/pycapnp-2.2.4-cp313-cp313-musllinux_1_2_ppc64le.whl", hash = "sha256:517d812d53d07e800c8ce9fb156b027f208a0b0a62e725bf85a2f3d051057dfb", size = 7138597, upload-time = "2026-07-03T22:46:15.875Z" },
    { url = "https://files.pythonhosted.org/packages/41/ca/f32c26f828a1e406e2a181a815431ef00127835dd6e78765550bbee36b7b/pycapnp-2.2.4-cp313-cp313-musllinux_1_2_s390x.whl", hash = "sha256:2a32cc049ccf59f4c7390197e66609f87a4b979fe922fca8328a6dabb8c644d9", size = 7199732, upload-time = "2026-07-03T22:46:17.505Z" },
    { url = "https://files.pythonhosted.org/packages/73/41/d0a57aa6f24a8ff2ea584f4fc838058423f026ccf13e8d6eddd1565f1fc8/pycapnp-2.2.4-cp313-cp313-musllinux_1_2_x86_64.whl", hash = "sha256:6724b5665f6a1adb8f7bc574f3b223a1f21c07294040fbd4e08885b754f24c45", size = 6977950, upload-time = "2026-07-03T22:46:19.513Z" },
    { url = "https://files.pythonhosted.org/packages/83/68/6271db9461172d6b03612759ab2cf967318c72aad8f9db7cf26ff5486dc2/pycapnp-2.2.4-cp313-cp313-win32.whl", hash = "sha256:5a90625741062a28d859b1694903b4c84f3e70023661839a3c73635ff67a5e47", size = 1700821, upload-time = "2026-07-03T22:46:21.21Z" },
    { url = "https://files.pythonhosted.org/packages/76/ac/26ea5ae9f52d7836d489628f92b02879fb39a82284d4e806a360d80fa234/pycapnp-2.2.4-cp313-cp313-win_amd64.whl", hash = "sha256:99fbd0d096cafd63c63edf0be6f82214c1b390f9f61d686146518c971e59eefc", size = 1832655, upload-time = "2026-07-03T22:46:22.686Z" },
]

[[package]]
name = "reactive-policy"
version = "0.1.0"
source = { editable = "." }
dependencies = [
    { name = "peppygen" },
    { name = "peppylib" },
]

[package.metadata]
requires-dist = [
    { name = "peppygen", directory = ".peppy/libs/peppygen" },
    { name = "peppylib", directory = ".peppy/libs/peppylib" },
]

[package.metadata.requires-dev]
dev = []
