version = 1
revision = 3
requires-python = "==3.12.*"

[[package]]
name = "absl-py"
version = "2.5.0"
source = { registry = "https://pypi.org/simple" }
sdist = { url = "https://files.pythonhosted.org/packages/d0/4f/d79676ab82f2e42fc3611618139f13a9c4c31d0cff4b486982047679a802/absl_py-2.5.0.tar.gz", hash = "sha256:0c996f25c0490700fadabe6351630f6111534fa0ae252cc6d2014ea3b141135f", size = 118119, upload-time = "2026-07-03T10:57:48.157Z" }
wheels = [
    { url = "https://files.pythonhosted.org/packages/58/0a/a10b45aab35b175aded078a462dc8d0c698f5b13946e7cb0869097b78bb6/absl_py-2.5.0-py3-none-any.whl", hash = "sha256:0f17b89f2a4eaaedc4f28c622998aa690564b3012a396a4ffad0821007fe03ba", size = 137410, upload-time = "2026-07-03T10:57:46.735Z" },
]

[[package]]
name = "colorama"
version = "0.4.6"
source = { registry = "https://pypi.org/simple" }
sdist = { url = "https://files.pythonhosted.org/packages/d8/53/6f443c9a4a8358a93a6792e2acffb9d9d5cb0a5cfd8802644b7b1c9a02e4/colorama-0.4.6.tar.gz", hash = "sha256:08695f5cb7ed6e0531a20572697297273c47b8cae5a63ffc6d6ed5c201be6e44", size = 27697, upload-time = "2022-10-25T02:36:22.414Z" }
wheels = [
    { url = "https://files.pythonhosted.org/packages/d1/d6/3965ed04c63042e047cb6a3e6ed1a63a35087b6a609aa3a15ed8ac56c221/colorama-0.4.6-py2.py3-none-any.whl", hash = "sha256:4f1d9991f5acc0ca119f9d443620b77f9d6b33703e51011c16baf57afb285fc6", size = 25335, upload-time = "2022-10-25T02:36:20.889Z" },
]

[[package]]
name = "control-core-py"
version = "0.1.0"
source = { git = "https://github.com/Peppy-bot/public-peppy-libs?subdirectory=control_core_py&rev=7b3a277bff890d0dde26e6aa998074fa90cbffb0#7b3a277bff890d0dde26e6aa998074fa90cbffb0" }

[[package]]
name = "etils"
version = "1.14.0"
source = { registry = "https://pypi.org/simple" }
sdist = { url = "https://files.pythonhosted.org/packages/26/ce/6e067242fde898841922ac6fc82b0bb2fe35c38e995880bdffdfbe30182a/etils-1.14.0.tar.gz", hash = "sha256:8136e7f4c4173cd0af0ca5481c4475152f0b8686192951eefa60ee8711e1ede4", size = 108127, upload-time = "2026-03-04T17:41:36.291Z" }
wheels = [
    { url = "https://files.pythonhosted.org/packages/5a/3d/589663aeeacd59bb2f3e8596bfd3e81cf0fb18d70bb433199041f469771b/etils-1.14.0-py3-none-any.whl", hash = "sha256:b5df7341f54dbe1405a4450b2741207b4a8c279780402b45f87202b94dfc52b4", size = 172934, upload-time = "2026-03-04T17:41:35.01Z" },
]

[package.optional-dependencies]
epath = [
    { name = "fsspec" },
    { name = "typing-extensions" },
    { name = "zipp" },
]

[[package]]
name = "fsspec"
version = "2026.9.0"
source = { registry = "https://pypi.org/simple" }
sdist = { url = "https://files.pythonhosted.org/packages/77/cd/9be253869fc42e764de7f3dedd6969af7d44ff9c3375214a3442a6f3fc08/fsspec-2026.9.0.tar.gz", hash = "sha256:0f08147951c8cb31d844c3547d631053b127863b60be04cf06e121333ee0e2fe", size = 333545, upload-time = "2026-09-18T17:50:42.825Z" }
wheels = [
    { url = "https://files.pythonhosted.org/packages/6c/c0/a98505f18594f1bce828bb159cec0fcf9860562f1a2c85913409fc8f3d9e/fsspec-2026.9.0-py3-none-any.whl", hash = "sha256:8dd6e646e99ea382bd85f97a45e6b526a442d79423a7dc673f1e2756d05fcb5f", size = 221738, upload-time = "2026-09-18T17:50:41.341Z" },
]

[[package]]
name = "glfw"
version = "2.10.2"
source = { registry = "https://pypi.org/simple" }
sdist = { url = "https://files.pythonhosted.org/packages/0f/62/096058bcb4b4fb28f7ecd28fb048f07969d90b243c417af5f6d09d45a0c2/glfw-2.10.2.tar.gz", hash = "sha256:5d2cf97c66bc42a6b583be0e307eae5a3945438322e2ed0c5e4f14dc251d693d", size = 36307, upload-time = "2026-07-21T14:42:36.732Z" }
wheels = [
    { url = "https://files.pythonhosted.org/packages/c4/80/5e575ec14f54dc0a644e7215985b9ee7c5044fcc3594d6b83dfdeb04ccd4/glfw-2.10.2-py2.py3-none-macosx_10_6_intel.whl", hash = "sha256:a04d25bb535a3a29e173ea1abd658e161681b5d3816e00bc51c122f74cd7fa3a", size = 110295, upload-time = "2026-07-21T14:42:25.625Z" },
    { url = "https://files.pythonhosted.org/packages/e5/2e/22216db429690aa51fa87d2e2b5e6b610c5a37b9df7768da2927f52f8704/glfw-2.10.2-py2.py3-none-macosx_11_0_arm64.whl", hash = "sha256:c000b8a5e5fb4374b2c18d12347255ccb92001b9bcf80ef74c56072acbb98fe3", size = 107146, upload-time = "2026-07-21T14:42:26.854Z" },
    { url = "https://files.pythonhosted.org/packages/75/a4/9ccee9d5c3b9c5d6bafce3e8d53ab8318eff30124e3c19b95580bebaa6d4/glfw-2.10.2-py2.py3-none-manylinux2014_aarch64.whl", hash = "sha256:0ffe2b48b51f37b05e8f027f57c0b8cd213affaf22fc83401bd9621692d4c6c8", size = 235005, upload-time = "2026-07-21T14:42:27.955Z" },
    { url = "https://files.pythonhosted.org/packages/77/44/37aeed50c581c76e1c5bb83b696a06f98f8ecc979ed8564dde3eef908e8b/glfw-2.10.2-py2.py3-none-manylinux2014_x86_64.whl", hash = "sha256:82daf1f87b2a48815637dc6f6720d4a55a57ba1d3683322dc20dc28065754f97", size = 246951, upload-time = "2026-07-21T14:42:29.107Z" },
    { url = "https://files.pythonhosted.org/packages/52/fc/29b4f1a8c8e33d8934781330a0845458b01da7f389d9fe6a3350e752b7f3/glfw-2.10.2-py2.py3-none-manylinux_2_28_aarch64.whl", hash = "sha256:7604425ec95665cc6a25c3ed7d07e9660d394a34472ceffaec0843c844e7b649", size = 236018, upload-time = "2026-07-21T14:42:30.623Z" },
    { url = "https://files.pythonhosted.org/packages/69/84/1b98671314ea5f40397586b6cd14db913de3196333be558fdc177e61708f/glfw-2.10.2-py2.py3-none-manylinux_2_28_x86_64.whl", hash = "sha256:b860de3ca0686182483f98f3ddd12e660acf25b3e0d521450ec9a3f999f72a65", size = 248490, upload-time = "2026-07-21T14:42:32.377Z" },
    { url = "https://files.pythonhosted.org/packages/12/d9/bd2e6c8dbadcf69fcd2289705e75881258b46221c196903a52e9f6e97322/glfw-2.10.2-py2.py3-none-win32.whl", hash = "sha256:a94aefe8c48886fd83cd6e11e936846166a4b5b94abf1f4bf599d984774b0b1b", size = 557654, upload-time = "2026-07-21T14:42:33.903Z" },
    { url = "https://files.pythonhosted.org/packages/e0/6c/4ca5f3ab85a8d7f612ce857208726e9b834e54e559751e3d4f98cc2f7509/glfw-2.10.2-py2.py3-none-win_amd64.whl", hash = "sha256:15fd0666cd8f1b0ecb535c3abb712b8ddda053bf8d16de2353b1c6ced0e65402", size = 564433, upload-time = "2026-07-21T14:42:35.465Z" },
]

[[package]]
name = "iniconfig"
version = "2.3.0"
source = { registry = "https://pypi.org/simple" }
sdist = { url = "https://files.pythonhosted.org/packages/72/34/14ca021ce8e5dfedc35312d08ba8bf51fdd999c576889fc2c24cb97f4f10/iniconfig-2.3.0.tar.gz", hash = "sha256:c76315c77db068650d49c5b56314774a7804df16fee4402c1f19d6d15d8c4730", size = 20503, upload-time = "2025-10-18T21:55:43.219Z" }
wheels = [
    { url = "https://files.pythonhosted.org/packages/cb/b1/3846dd7f199d53cb17f49cba7e651e9ce294d8497c8c150530ed11865bb8/iniconfig-2.3.0-py3-none-any.whl", hash = "sha256:f631c04d2c48c52b84d0d0549c99ff3859c98df65b3101406327ecc7d53fbf12", size = 7484, upload-time = "2025-10-18T21:55:41.639Z" },
]

[[package]]
name = "mujoco"
version = "3.10.0"
source = { registry = "https://pypi.org/simple" }
dependencies = [
    { name = "absl-py" },
    { name = "etils", extra = ["epath"] },
    { name = "glfw" },
    { name = "numpy" },
    { name = "pyopengl" },
]
sdist = { url = "https://files.pythonhosted.org/packages/a2/3b/c76837b7fdb007f7605ff783689a0bd23a5a49b065928bec2f1fa7ea3d67/mujoco-3.10.0.tar.gz", hash = "sha256:c9e8d5d87d82204ed5bccc87d843c0a53e75aaf381de2938ec46d04f1ac6e24e", size = 1094987, upload-time = "2026-06-22T17:40:59.904Z" }
wheels = [
    { url = "https://files.pythonhosted.org/packages/03/a2/4dd9f4cec6ce92f836a8b2de1cc799c4458af1467d7a044ef8014217bdb4/mujoco-3.10.0-cp312-cp312-macosx_10_16_x86_64.whl", hash = "sha256:47d4a22b7667c60e24e7ef6acb027c13abe9abba9acf17cc8db6fb250ba275ea", size = 7772567, upload-time = "2026-06-22T17:40:16.539Z" },
    { url = "https://files.pythonhosted.org/packages/5d/7d/ebe5342c136de27e0c430ba781f829df2cd66c00ed22627c1964fbd5d7fe/mujoco-3.10.0-cp312-cp312-macosx_11_0_arm64.whl", hash = "sha256:a4d35e9d0b13ff9ad3196294a7dac363f1d0cdaa988832d0b687d42d98f4ee29", size = 19380823, upload-time = "2026-06-22T17:40:19.211Z" },
    { url = "https://files.pythonhosted.org/packages/d8/5d/43d1b2b9fe97676e5af03020e132ac497b45a0333a4c61de657d0d52170a/mujoco-3.10.0-cp312-cp312-manylinux_2_27_aarch64.manylinux_2_28_aarch64.whl", hash = "sha256:cb7f0d7c148a588f3633020807fc0ec3f3a9aff1f647406e3e0ffe96b05dfd57", size = 19705628, upload-time = "2026-06-22T17:40:22.549Z" },
    { url = "https://files.pythonhosted.org/packages/c3/11/c69199e4123935f98068ab6ab6b35955b4de0f6a91d3f9883805a5789394/mujoco-3.10.0-cp312-cp312-manylinux_2_27_x86_64.manylinux_2_28_x86_64.whl", hash = "sha256:966d12f88e77e2b188e7530667b519d6963b9b906cff83bab534e5e4279325a0", size = 20904309, upload-time = "2026-06-22T17:40:25.861Z" },
    { url = "https://files.pythonhosted.org/packages/47/13/07bf2550c7dcd69ee8c7fd1f5c400a4ba2e4ede0a29a463ad3ac4cc9da90/mujoco-3.10.0-cp312-cp312-win_amd64.whl", hash = "sha256:708edb5aceee96f2767b1072641523060043b2c67000e39e6e9797addf073696", size = 17865123, upload-time = "2026-06-22T17:40:28.996Z" },
]

[[package]]
name = "numpy"
version = "2.5.3"
source = { registry = "https://pypi.org/simple" }
sdist = { url = "https://files.pythonhosted.org/packages/13/01/11703282db468b85f6f7b8c7f22d058de5970d5c7e60a3a8aaa313c3de36/numpy-2.5.3.tar.gz", hash = "sha256:df2d5874ff183595a4ba404edd04f6bd9b5505c1d7708573f6a6c17489a67563", size = 20791231, upload-time = "2026-09-06T16:27:47.073Z" }
wheels = [
    { url = "https://files.pythonhosted.org/packages/d6/50/8fdbb16af64895706a45f06a4068e29db732ec180f3c1375f14123359138/numpy-2.5.3-cp312-cp312-macosx_10_13_x86_64.whl", hash = "sha256:cb189f09db39283b26bfd061ec16189e14f71c6755207f72a0f7540867afe5b9", size = 16994982, upload-time = "2026-09-06T16:24:29.244Z" },
    { url = "https://files.pythonhosted.org/packages/60/39/789131c1188c078dcb3a1692e72e1e050c68b88ffe72c9ccaac9bcd7a9cd/numpy-2.5.3-cp312-cp312-macosx_11_0_arm64.whl", hash = "sha256:f59a878c33d6b88122d80d239bb3b845d58708750b0cb06a09aebb9b18ec696c", size = 12009327, upload-time = "2026-09-06T16:24:32.491Z" },
    { url = "https://files.pythonhosted.org/packages/9c/59/a312e95696e5f601914dd8b6dd844692ba61670807417e24b68e337b5c70/numpy-2.5.3-cp312-cp312-macosx_14_0_arm64.whl", hash = "sha256:a72f874bc9e10e4b8f80426fb49716d5141f64442a0c8418065093ec8017fbb0", size = 5445405, upload-time = "2026-09-06T16:24:35.071Z" },
    { url = "https://files.pythonhosted.org/packages/30/d0/5623a1707ed4fe16e3909fe3cf5ee3da004ae677ad23d83bbf3adf1a6faf/numpy-2.5.3-cp312-cp312-macosx_14_0_x86_64.whl", hash = "sha256:fc36dc566135b5eceec4cf89758fcb719266a019ef07dae1754ae7c9f617ef3e", size = 6783213, upload-time = "2026-09-06T16:24:37.253Z" },
    { url = "https://files.pythonhosted.org/packages/f1/32/84146fc020ad3c25f805f70ab60da46fe3c540a21369754a7e4369754b6f/numpy-2.5.3-cp312-cp312-manylinux_2_27_aarch64.manylinux_2_28_aarch64.whl", hash = "sha256:76c2c1e6bfa5c84adc6434dfbf013aa92096a7985221762c8f11fedfd20fff58", size = 15687872, upload-time = "2026-09-06T16:24:39.751Z" },
    { url = "https://files.pythonhosted.org/packages/65/af/aa78d1a88805456e212b65461354cd943197fb9acecc4c90fd12295123a3/numpy-2.5.3-cp312-cp312-manylinux_2_27_x86_64.manylinux_2_28_x86_64.whl", hash = "sha256:b7e18c623bb5c95acb3b3328861272816ba199fb531921c5d6d0b675f1fde9e3", size = 16717410, upload-time = "2026-09-06T16:24:42.745Z" },
    { url = "https://files.pythonhosted.org/packages/3b/24/faa79d865e69a97ba17473b23a1b74094b2259c03e820c70297293b9ea49/numpy-2.5.3-cp312-cp312-musllinux_1_2_aarch64.whl", hash = "sha256:4f8929ee6c96bfbd7b4ed2032e0c03af86fe1826740ab61ddabf9072d06e57ff", size = 17040975, upload-time = "2026-09-06T16:24:45.961Z" },
    { url = "https://files.pythonhosted.org/packages/62/4a/8877e629445a7176297dffcaf9c485faa96a95d81728a62521ad55bd4c0f/numpy-2.5.3-cp312-cp312-musllinux_1_2_x86_64.whl", hash = "sha256:b5d93cf48f687479941d12b69c873ad2cc76bbd487f0091c2200636497f34034", size = 18476479, upload-time = "2026-09-06T16:24:49.35Z" },
    { url = "https://files.pythonhosted.org/packages/c8/db/35e1c2d38b04cbd5b731f9d71495e055e813197669d22b612f11748d2ff9/numpy-2.5.3-cp312-cp312-win32.whl", hash = "sha256:bf63afbe037eb5d2fe87fbcc7778e61da53ebaf21d938a4515aa73b62532a5d4", size = 6133378, upload-time = "2026-09-06T16:24:51.915Z" },
    { url = "https://files.pythonhosted.org/packages/3c/a1/accf6d4f0c80c5d9ba9735d6b1550e444180599f34dec69ca01360f717ad/numpy-2.5.3-cp312-cp312-win_amd64.whl", hash = "sha256:0a59a421a32580a009e8a1751345bf829631b990dc1794b80514ab722b435def", size = 12567828, upload-time = "2026-09-06T16:24:54.255Z" },
    { url = "https://files.pythonhosted.org/packages/22/43/1764aff32e4652526ae2f71fa8b3efd8d25c8a3d6926914454e47138ed1e/numpy-2.5.3-cp312-cp312-win_arm64.whl", hash = "sha256:ccb32e0525d29e8b0572eb84c9a57af0e7a4e615726927506f55063c62414034", size = 10485432, upload-time = "2026-09-06T16:24:57.278Z" },
]

[[package]]
name = "packaging"
version = "26.3"
source = { registry = "https://pypi.org/simple" }
sdist = { url = "https://files.pythonhosted.org/packages/7d/fa/3944b40b07da9ce895c0e6303a5ab7d53da063554f534556b134a54d6093/packaging-26.3.tar.gz", hash = "sha256:94edc256424af38762eb31306eed28beb9f0efc50a8837492c9d6fd6004aed79", size = 313412, upload-time = "2026-08-04T18:15:28.737Z" }
wheels = [
    { url = "https://files.pythonhosted.org/packages/63/34/ba1c580383c9eada3711951fef0795c80b829a078d72188184bcab9dd527/packaging-26.3-py3-none-any.whl", hash = "sha256:d7193f7c8e4e93f444fde0262bf90af30e16fa0ad0ad44cb553c87339b23cd1c", size = 129956, upload-time = "2026-08-04T18:15:27.159Z" },
]

[[package]]
name = "pluggy"
version = "1.6.0"
source = { registry = "https://pypi.org/simple" }
sdist = { url = "https://files.pythonhosted.org/packages/f9/e2/3e91f31a7d2b083fe6ef3fa267035b518369d9511ffab804f839851d2779/pluggy-1.6.0.tar.gz", hash = "sha256:7dcc130b76258d33b90f61b658791dede3486c3e6bfb003ee5c9bfb396dd22f3", size = 69412, upload-time = "2025-05-15T12:30:07.975Z" }
wheels = [
    { url = "https://files.pythonhosted.org/packages/54/20/4d324d65cc6d9205fabedc306948156824eb9f0ee1633355a8f7ec5c66bf/pluggy-1.6.0-py3-none-any.whl", hash = "sha256:e920276dd6813095e9377c0bc5566d94c932c33b27a3e3945d8389c374dd4746", size = 20538, upload-time = "2025-05-15T12:30:06.134Z" },
]

[[package]]
name = "pygments"
version = "2.21.0"
source = { registry = "https://pypi.org/simple" }
sdist = { url = "https://files.pythonhosted.org/packages/49/2e/ced460408999b33da6b31b0021b0f37d329e202d4169aeb164493778f25b/pygments-2.21.0.tar.gz", hash = "sha256:610ca751c9bc2492b38eb9a38a7fbc93edbbb2d7182edaf34e66ae493dee5c8c", size = 5005329, upload-time = "2026-08-17T08:02:48.824Z" }
wheels = [
    { url = "https://files.pythonhosted.org/packages/71/46/17f022dd3e953bf20a04a028a21ec746d942f8d2af30fa0f124fa0e6a684/pygments-2.21.0-py3-none-any.whl", hash = "sha256:2363c69b61c4a97c838da3b130dcd6468f4848992b21a82f2a63ec34377137d9", size = 1250147, upload-time = "2026-08-17T08:02:44.912Z" },
]

[[package]]
name = "pyjson5"
version = "2.0.1"
source = { registry = "https://pypi.org/simple" }
sdist = { url = "https://files.pythonhosted.org/packages/f1/9a/3db19560e968d6e85b2a4ddf4b949c6ebf9dd1dcfb5a9f37736f8adeb927/pyjson5-2.0.1.tar.gz", hash = "sha256:a5b0e322e847b198a50d8a1ef16d6b2b19129644dc018d76773e81ef1487ca39", size = 352242, upload-time = "2026-05-15T16:12:54.931Z" }
wheels = [
    { url = "https://files.pythonhosted.org/packages/68/41/be622b742fe4749fefa9d8a923b1cf5e51a1e8e4b4930fa8ea8c531b243d/pyjson5-2.0.1-cp312-cp312-macosx_10_13_universal2.whl", hash = "sha256:ee62394660d54e76ff8a968c8194b252be23d184f05a00238d4def9624454ea6", size = 302636, upload-time = "2026-05-15T16:06:08.006Z" },
    { url = "https://files.pythonhosted.org/packages/4b/e2/50378c3bec9164c1bb983ca15ed59f8be498981b790a90d1410a1016ffe2/pyjson5-2.0.1-cp312-cp312-macosx_10_13_x86_64.whl", hash = "sha256:58dfa4cf5c327e14c530b16c23e812c021fe53b19e6f9cdfce257d8c02244895", size = 158588, upload-time = "2026-05-15T16:06:09.684Z" },
    { url = "https://files.pythonhosted.org/packages/cb/7d/5de0f82c144b6fc2fa2e3fde5517257733a91d24734b5d2415b7e991e8fd/pyjson5-2.0.1-cp312-cp312-macosx_11_0_arm64.whl", hash = "sha256:07cb90a31f962a6de9e49592a306046ee015da73510c6d215e9481a2a21c9ac2", size = 153741, upload-time = "2026-05-15T16:06:11.114Z" },
    { url = "https://files.pythonhosted.org/packages/f5/ac/174ca02e5f3ed8245dc48247e534880bbec1528c0c4eaa768fafa9417dda/pyjson5-2.0.1-cp312-cp312-manylinux1_i686.manylinux_2_28_i686.manylinux_2_5_i686.whl", hash = "sha256:ef4026a90a68cd2bcb64d89ca064a1615b60a61c7694714e2b8ef30434f365b5", size = 185450, upload-time = "2026-05-15T16:06:12.883Z" },
    { url = "https://files.pythonhosted.org/packages/8f/0d/bfc553176b7e109b72f23697ab1fd1a77d7fd5c6626d6e23936f13d5884e/pyjson5-2.0.1-cp312-cp312-manylinux2014_aarch64.manylinux_2_17_aarch64.manylinux_2_28_aarch64.whl", hash = "sha256:04b4929a7adf0e0720da92ac54c92d408e8057158be3ccc34da17c7767a9af78", size = 163331, upload-time = "2026-05-15T16:06:14.314Z" },
    { url = "https://files.pythonhosted.org/packages/b3/05/b0e67106f78c8ea5ffcf6ce0b8421f38a04d5f37ea88ac70123199755bcb/pyjson5-2.0.1-cp312-cp312-manylinux2014_armv7l.manylinux_2_17_armv7l.manylinux_2_31_armv7l.whl", hash = "sha256:e889b039d6bffda9a6b8d822073bbdb4a60166af22f075e7faa0c03c2dfcf17b", size = 166429, upload-time = "2026-05-15T16:06:16.076Z" },
    { url = "https://files.pythonhosted.org/packages/81/3c/2366f8ecf053434470eafe1f120f2e235d13015fc50d7f06e55e39b550ab/pyjson5-2.0.1-cp312-cp312-manylinux2014_ppc64le.manylinux_2_17_ppc64le.manylinux_2_28_ppc64le.whl", hash = "sha256:a08e99d0a33463728fb016f5eec680504499c4be280dac016de2da70ec55b0db", size = 180499, upload-time = "2026-05-15T16:06:17.544Z" },
    { url = "https://files.pythonhosted.org/packages/76/65/9a70876d4dd09ce17678024266406b94b8f1edf9db6c2e3bf76cfa653a13/pyjson5-2.0.1-cp312-cp312-manylinux2014_s390x.manylinux_2_17_s390x.manylinux_2_28_s390x.whl", hash = "sha256:035c094feb6a9d4312183f9f34228d976102eefb971e9e3dd972d8c7900a466a", size = 187469, upload-time = "2026-05-15T16:06:19.212Z" },
    { url = "https://files.pythonhosted.org/packages/5b/43/0c0bcbf9a9ef7fdcd49dc0992a3a206244c2c2baa7b409932464cf26f1a5/pyjson5-2.0.1-cp312-cp312-manylinux2014_x86_64.manylinux_2_17_x86_64.manylinux_2_28_x86_64.whl", hash = "sha256:6d178025a5317db44663dc87aab90f34674991b3da40dbedc3c108e7b03b6466", size = 176032, upload-time = "2026-05-15T16:06:21.153Z" },
    { url = "https://files.pythonhosted.org/packages/82/2c/32213674010c44db265d45e977a431cbde971c45342b483f7af337811403/pyjson5-2.0.1-cp312-cp312-manylinux_2_31_riscv64.manylinux_2_39_riscv64.whl", hash = "sha256:381ca5b3172bccf9c29c5823a0173ab9118d579d0f5bb4fca20b803daa6e72d5", size = 171477, upload-time = "2026-05-15T16:06:23.017Z" },
    { url = "https://files.pythonhosted.org/packages/f1/49/da5417d592ac75a23d1ca2dfda846391ccf137edd89054b780866c592b65/pyjson5-2.0.1-cp312-cp312-musllinux_1_2_aarch64.whl", hash = "sha256:8e158caf0dd7fbf7afe12f92fcc9cba26bceac4b38615c087fd592e9e3240d9f", size = 1145571, upload-time = "2026-05-15T16:06:24.757Z" },
    { url = "https://files.pythonhosted.org/packages/60/f8/1f0c326b3a3267f28b7b9e2ac07121386ec20ee8f9dd49955af4faa17ba7/pyjson5-2.0.1-cp312-cp312-musllinux_1_2_armv7l.whl", hash = "sha256:c8010e9a02b6a0719234f8d074639f9051afe579ff0f74d3367af1d8b4c7d839", size = 1010388, upload-time = "2026-05-15T16:06:26.574Z" },
    { url = "https://files.pythonhosted.org/packages/de/c8/76f2739a8715061755f12f4d2795f6c4079aeadd166c56d0992521442d5b/pyjson5-2.0.1-cp312-cp312-musllinux_1_2_i686.whl", hash = "sha256:3543e067d1d8ab6cb1cd41add38a42eaf82e9a7e802e8a08f1acda9f22199b00", size = 1323111, upload-time = "2026-05-15T16:06:28.805Z" },
    { url = "https://files.pythonhosted.org/packages/50/7a/683e1586fa076fb344aec23a647d67f427847b6bffb1001d56e86aa8da33/pyjson5-2.0.1-cp312-cp312-musllinux_1_2_ppc64le.whl", hash = "sha256:3e496938e7e0defc33bfbd0ff581d4ffdc428c598cc5d679232f34df27f7330a", size = 1240671, upload-time = "2026-05-15T16:06:30.473Z" },
    { url = "https://files.pythonhosted.org/packages/c0/8e/6638b0b22344b23cae1271b0211668be54b3f76183bd8d4f89a2edd8e562/pyjson5-2.0.1-cp312-cp312-musllinux_1_2_riscv64.whl", hash = "sha256:2badbc101908123905a38789cc552b99ab896a7ec0ce4fa6ee2bb7b613c85c1b", size = 1178013, upload-time = "2026-05-15T16:06:32.212Z" },
    { url = "https://files.pythonhosted.org/packages/7a/21/d44540d3cdc670e5c6e665471361f557ef8c7d56964cd433524208b3707b/pyjson5-2.0.1-cp312-cp312-musllinux_1_2_s390x.whl", hash = "sha256:b1b0df4898e2e046fa1e9b5df436fe11d9b681b1e5fc9877508d982d2059aaf1", size = 1354907, upload-time = "2026-05-15T16:06:33.922Z" },
    { url = "https://files.pythonhosted.org/packages/3c/74/fceedd2709760f5c85e75b508002af9b4c2da8af20a80e62b2d0e2358a15/pyjson5-2.0.1-cp312-cp312-musllinux_1_2_x86_64.whl", hash = "sha256:8fcc96c429888f2293f672e33d01da8a0847cd5116a773c9a1903b8bc2f12bc1", size = 1208847, upload-time = "2026-05-15T16:06:35.883Z" },
    { url = "https://files.pythonhosted.org/packages/b8/3a/d2f062b5801b3034ecb16ffb0801d7b4a1d6abae4cd4615482dbf62f1ed8/pyjson5-2.0.1-cp312-cp312-win32.whl", hash = "sha256:48c97e2f7f02171948f8a7ed6c9b2b2faea00653a3348d9e810238a688f07b6c", size = 115562, upload-time = "2026-05-15T16:09:24.807Z" },
    { url = "https://files.pythonhosted.org/packages/26/13/2265cf16720defdc87672b68ff5edf83820bd76e59e32f8384c9cb1ae619/pyjson5-2.0.1-cp312-cp312-win_amd64.whl", hash = "sha256:8dea9976eea0aa7af8b5ad49df3fa831d6bda08ffd7bb11409d6a81961491219", size = 136176, upload-time = "2026-05-15T16:09:25.931Z" },
    { url = "https://files.pythonhosted.org/packages/9c/92/a8947e646ce642555ac22b31f44b7168c81b0e364d0f2711d571955229b6/pyjson5-2.0.1-cp312-cp312-win_arm64.whl", hash = "sha256:264ab65fb7d68a763567c2302151f1f074bf053c8479939aa8e75f5f9518fe31", size = 116752, upload-time = "2026-05-15T16:09:27.274Z" },
]

[[package]]
name = "pyopengl"
version = "3.1.10"
source = { registry = "https://pypi.org/simple" }
sdist = { url = "https://files.pythonhosted.org/packages/6f/16/912b7225d56284859cd9a672827f18be43f8012f8b7b932bc4bd959a298e/pyopengl-3.1.10.tar.gz", hash = "sha256:c4a02d6866b54eb119c8e9b3fb04fa835a95ab802dd96607ab4cdb0012df8335", size = 1915580, upload-time = "2025-08-18T02:33:01.76Z" }
wheels = [
    { url = "https://files.pythonhosted.org/packages/de/e4/1ba6f44e491c4eece978685230dde56b14d51a0365bc1b774ddaa94d14cd/pyopengl-3.1.10-py3-none-any.whl", hash = "sha256:794a943daced39300879e4e47bd94525280685f42dbb5a998d336cfff151d74f", size = 3194996, upload-time = "2025-08-18T02:32:59.902Z" },
]

[[package]]
name = "pytest"
version = "9.1.1"
source = { registry = "https://pypi.org/simple" }
dependencies = [
    { name = "colorama", marker = "sys_platform == 'win32'" },
    { name = "iniconfig" },
    { name = "packaging" },
    { name = "pluggy" },
    { name = "pygments" },
]
sdist = { url = "https://files.pythonhosted.org/packages/e4/47/b9efed96c114afcfa3c9d3fe98a76a1d14c74a9e266d397cf6eb64be5e01/pytest-9.1.1.tar.gz", hash = "sha256:1088fbde8f2b49d95a549a195707afa7a76a3ce9bcadc26b6d71f0ffda5fe313", size = 1636369, upload-time = "2026-06-19T10:58:32.857Z" }
wheels = [
    { url = "https://files.pythonhosted.org/packages/24/25/1de2678b631f5a49215c6c96fff41ba892b0a34df68d6d80292b1b48aa7f/pytest-9.1.1-py3-none-any.whl", hash = "sha256:37a86b45efb9a47a61a36449063e8e18d0cab3161329fc099eb21783169c4f0c", size = 386536, upload-time = "2026-06-19T10:58:31.347Z" },
]

[[package]]
name = "sim-mujoco-tests"
version = "0.1.0"
source = { virtual = "." }
dependencies = [
    { name = "mujoco" },
    { name = "numpy" },
    { name = "pyjson5" },
    { name = "sim-robot-core" },
    { name = "so101-description" },
]

[package.dev-dependencies]
dev = [
    { name = "pytest" },
]

[package.metadata]
requires-dist = [
    { name = "mujoco", specifier = "==3.10.0" },
    { name = "numpy", specifier = "==2.5.3" },
    { name = "pyjson5", specifier = "==2.0.1" },
    { name = "sim-robot-core", git = "https://github.com/Peppy-bot/public-peppy-libs?subdirectory=sim_robot_core&rev=7b3a277bff890d0dde26e6aa998074fa90cbffb0" },
    { name = "so101-description", git = "https://github.com/Peppy-bot/public-peppy-libs?subdirectory=so101_description&rev=7b3a277bff890d0dde26e6aa998074fa90cbffb0" },
]

[package.metadata.requires-dev]
dev = [{ name = "pytest", specifier = ">=8" }]

[[package]]
name = "sim-robot-core"
version = "0.1.0"
source = { git = "https://github.com/Peppy-bot/public-peppy-libs?subdirectory=sim_robot_core&rev=7b3a277bff890d0dde26e6aa998074fa90cbffb0#7b3a277bff890d0dde26e6aa998074fa90cbffb0" }
dependencies = [
    { name = "numpy" },
    { name = "pyjson5" },
]

[[package]]
name = "so101-description"
version = "0.1.0"
source = { git = "https://github.com/Peppy-bot/public-peppy-libs?subdirectory=so101_description&rev=7b3a277bff890d0dde26e6aa998074fa90cbffb0#7b3a277bff890d0dde26e6aa998074fa90cbffb0" }
dependencies = [
    { name = "control-core-py" },
    { name = "numpy" },
]

[[package]]
name = "typing-extensions"
version = "4.16.0"
source = { registry = "https://pypi.org/simple" }
sdist = { url = "https://files.pythonhosted.org/packages/f6/cc/6253133b5bb138fc3306cebfbda2c520f545d36b5be2c7255cc528bb45d6/typing_extensions-4.16.0.tar.gz", hash = "sha256:dc983d19a509c94dba722ee6abd33940f7c05a89e243c47e907eb4db6f1a43e5", size = 113555, upload-time = "2026-07-02T08:40:05.92Z" }
wheels = [
    { url = "https://files.pythonhosted.org/packages/49/d3/b8441a820a491ddfc024b0b0cf0393375b75ea13866d9c66727e54c2fc80/typing_extensions-4.16.0-py3-none-any.whl", hash = "sha256:481caa481374e813c1b176ada14e97f1f67a4539ce9cfeb3f350d78d6370c2e8", size = 45571, upload-time = "2026-07-02T08:40:04.659Z" },
]

[[package]]
name = "zipp"
version = "4.1.1"
source = { registry = "https://pypi.org/simple" }
sdist = { url = "https://files.pythonhosted.org/packages/dc/23/655a1802fe8041302c959774ca7c80b53bc24737ff3ef45cb50ef11bd96c/zipp-4.1.1.tar.gz", hash = "sha256:7ebb7a44c021b29fd8dbd7cce6812d0d7b5b454521f93cc71af6ccd155aaa70b", size = 27649, upload-time = "2026-10-03T17:03:03.452Z" }
wheels = [
    { url = "https://files.pythonhosted.org/packages/b5/98/df615823cd9419131ce19fba00de53a663794369e198aade064a244b385d/zipp-4.1.1-py3-none-any.whl", hash = "sha256:8979f52d874162f485ff2981e3891f3a3317b7a3dd43ff1e1775b9304f307a9c", size = 10582, upload-time = "2026-10-03T17:03:02.506Z" },
]
